// !$*UTF8*$!
{
	archiveVersion = 1;
	classes = {
	};
	objectVersion = 54;
	objects = {

/* Begin PBXBuildFile section */
		4D05171A2750852F00D6891B /* BarChartStatisticsView.swift in Sources */ = {isa = PBXBuildFile; fileRef = 4D0517192750852F00D6891B /* BarChartStatisticsView.swift */; };
		4D051721275088AF00D6891B /* BarChart.swift in Sources */ = {isa = PBXBuildFile; fileRef = 4D051720275088AF00D6891B /* BarChart.swift */; };
		4D0517242751628E00D6891B /* RadarChart.swift in Sources */ = {isa = PBXBuildFile; fileRef = 4D0517232751628E00D6891B /* RadarChart.swift */; };
		4D051726275165F400D6891B /* RadarChartStatisticsView.swift in Sources */ = {isa = PBXBuildFile; fileRef = 4D051725275165F400D6891B /* RadarChartStatisticsView.swift */; };
		4D13B983274F19C800E05FCA /* StatisticsView.swift in Sources */ = {isa = PBXBuildFile; fileRef = 4D13B982274F19C800E05FCA /* StatisticsView.swift */; };
		4D13B988274F33F800E05FCA /* WaveView.swift in Sources */ = {isa = PBXBuildFile; fileRef = 4D13B987274F33F800E05FCA /* WaveView.swift */; };
		4D1B0986273F4C2300D03CC8 /* DisabledInfo.swift in Sources */ = {isa = PBXBuildFile; fileRef = 4D1B0985273F4C2300D03CC8 /* DisabledInfo.swift */; };
		4D1B0988273F4C8C00D03CC8 /* PlaceholderInfoView.swift in Sources */ = {isa = PBXBuildFile; fileRef = 4D1B0987273F4C8C00D03CC8 /* PlaceholderInfoView.swift */; };
		4D1B098A273F522D00D03CC8 /* DisabledInfoView.swift in Sources */ = {isa = PBXBuildFile; fileRef = 4D1B0989273F522D00D03CC8 /* DisabledInfoView.swift */; };
		4D1B098C273F527A00D03CC8 /* NoGradesView.swift in Sources */ = {isa = PBXBuildFile; fileRef = 4D1B098B273F527A00D03CC8 /* NoGradesView.swift */; };
		4D1B098E273F54F600D03CC8 /* NoAttendanceView.swift in Sources */ = {isa = PBXBuildFile; fileRef = 4D1B098D273F54F600D03CC8 /* NoAttendanceView.swift */; };
		4D1B0990273F5D9100D03CC8 /* AvatarButton.swift in Sources */ = {isa = PBXBuildFile; fileRef = 4D1B098F273F5D9100D03CC8 /* AvatarButton.swift */; };
		4D1B0994273F78E600D03CC8 /* View+userInteractionDisabled.swift in Sources */ = {isa = PBXBuildFile; fileRef = 4D1B0993273F78E500D03CC8 /* View+userInteractionDisabled.swift */; };
		4D1B099A274021A700D03CC8 /* CropViewController in Frameworks */ = {isa = PBXBuildFile; productRef = 4D1B0999274021A700D03CC8 /* CropViewController */; };
		4D1B099C274021DB00D03CC8 /* ImagePicker.swift in Sources */ = {isa = PBXBuildFile; fileRef = 4D1B099B274021DB00D03CC8 /* ImagePicker.swift */; };
		4D1B099E2740268400D03CC8 /* ImageCropper.swift in Sources */ = {isa = PBXBuildFile; fileRef = 4D1B099D2740268400D03CC8 /* ImageCropper.swift */; };
		4D1B09A0274037F900D03CC8 /* AlertIfError.swift in Sources */ = {isa = PBXBuildFile; fileRef = 4D1B099F274037F900D03CC8 /* AlertIfError.swift */; };
		4D1B09A227404E2700D03CC8 /* ImageUploadResponse.swift in Sources */ = {isa = PBXBuildFile; fileRef = 4D1B09A127404E2700D03CC8 /* ImageUploadResponse.swift */; };
		4D1B09A427404F4F00D03CC8 /* SetAvatarRequest.swift in Sources */ = {isa = PBXBuildFile; fileRef = 4D1B09A327404F4F00D03CC8 /* SetAvatarRequest.swift */; };
		4D1B09B82740D3EA00D03CC8 /* Localizable.strings in Resources */ = {isa = PBXBuildFile; fileRef = 4D1B09B02740839000D03CC8 /* Localizable.strings */; };
		4D1B09BE27419E4800D03CC8 /* SendBugReportEmail.swift in Sources */ = {isa = PBXBuildFile; fileRef = 4D1B09BD27419E4800D03CC8 /* SendBugReportEmail.swift */; };
		4D1B09C02741C26D00D03CC8 /* generate-licenses.py in Resources */ = {isa = PBXBuildFile; fileRef = 4D1B09BF2741C26D00D03CC8 /* generate-licenses.py */; };
		4D1B09C62741C4F500D03CC8 /* LicensesView.swift in Sources */ = {isa = PBXBuildFile; fileRef = 4D1B09C52741C4F500D03CC8 /* LicensesView.swift */; };
		4D1B09C82741C51900D03CC8 /* License.swift in Sources */ = {isa = PBXBuildFile; fileRef = 4D1B09C72741C51900D03CC8 /* License.swift */; };
		4D1F6D1F2DB34EB3000927B2 /* SwiftUIIntrospect in Frameworks */ = {isa = PBXBuildFile; productRef = 4D1F6D1E2DB34EB3000927B2 /* SwiftUIIntrospect */; };
		4D4395D32753FF8600EEFB63 /* Constants.swift in Sources */ = {isa = PBXBuildFile; fileRef = 4D4395D02753FF8500EEFB63 /* Constants.swift */; };
		4D4395D42753FF8600EEFB63 /* Language.swift in Sources */ = {isa = PBXBuildFile; fileRef = 4D4395D12753FF8500EEFB63 /* Language.swift */; };
		4D4395D52753FF8600EEFB63 /* GetDataAction.swift in Sources */ = {isa = PBXBuildFile; fileRef = 4D4395D22753FF8500EEFB63 /* GetDataAction.swift */; };
		4D4682112751DA28002DE272 /* LabelStyle+Extensions.swift in Sources */ = {isa = PBXBuildFile; fileRef = 4D4682102751DA28002DE272 /* LabelStyle+Extensions.swift */; };
		4D4682132751F4C4002DE272 /* JSONDecodingOptions+Extension.swift in Sources */ = {isa = PBXBuildFile; fileRef = 4D4682122751F4C4002DE272 /* JSONDecodingOptions+Extension.swift */; };
		4D50B936275069D4005EC5A9 /* GPAView.swift in Sources */ = {isa = PBXBuildFile; fileRef = 4D50B935275069D4005EC5A9 /* GPAView.swift */; };
		4D50B93927506E3B005EC5A9 /* Double+Extensions.swift in Sources */ = {isa = PBXBuildFile; fileRef = 4D50B93827506E3B005EC5A9 /* Double+Extensions.swift */; };
		4D50B93B27506E8D005EC5A9 /* Array+Extensions.swift in Sources */ = {isa = PBXBuildFile; fileRef = 4D50B93A27506E8D005EC5A9 /* Array+Extensions.swift */; };
		4D50B93D27506EBC005EC5A9 /* Int64+Extensions.swift in Sources */ = {isa = PBXBuildFile; fileRef = 4D50B93C27506EBC005EC5A9 /* Int64+Extensions.swift */; };
		4D50B93F27506ED8005EC5A9 /* Date+Extensions.swift in Sources */ = {isa = PBXBuildFile; fileRef = 4D50B93E27506ED8005EC5A9 /* Date+Extensions.swift */; };
		4D50B94127506EF4005EC5A9 /* String+Extensions.swift in Sources */ = {isa = PBXBuildFile; fileRef = 4D50B94027506EF4005EC5A9 /* String+Extensions.swift */; };
		4D6EC755273B39E5002CAD13 /* HeaderView.swift in Sources */ = {isa = PBXBuildFile; fileRef = 4D6EC754273B39E5002CAD13 /* HeaderView.swift */; };
		4D6EC757273B3A63002CAD13 /* AvatarView.swift in Sources */ = {isa = PBXBuildFile; fileRef = 4D6EC756273B3A63002CAD13 /* AvatarView.swift */; };
		4D6EC75B273B4AD2002CAD13 /* ImageLoader.swift in Sources */ = {isa = PBXBuildFile; fileRef = 4D6EC75A273B4AD2002CAD13 /* ImageLoader.swift */; };
		4D6EC75D273B4C3F002CAD13 /* StudentData.swift in Sources */ = {isa = PBXBuildFile; fileRef = 4D6EC75C273B4C3F002CAD13 /* StudentData.swift */; };
		4D6EC75F273B4C9E002CAD13 /* ExtraInfo.swift in Sources */ = {isa = PBXBuildFile; fileRef = 4D6EC75E273B4C9E002CAD13 /* ExtraInfo.swift */; };
		4D6EC762273B5D22002CAD13 /* HeaderViewState.swift in Sources */ = {isa = PBXBuildFile; fileRef = 4D6EC761273B5D22002CAD13 /* HeaderViewState.swift */; };
		4D790F752735EDC400E6C4EB /* SwiftProtobuf in Frameworks */ = {isa = PBXBuildFile; productRef = 4D790F742735EDC400E6C4EB /* SwiftProtobuf */; };
		4D790F8727360AAD00E6C4EB /* Assignment.swift in Sources */ = {isa = PBXBuildFile; fileRef = 4D790F7F27360AAD00E6C4EB /* Assignment.swift */; };
		4D790F8827360AAD00E6C4EB /* Grade.swift in Sources */ = {isa = PBXBuildFile; fileRef = 4D790F8027360AAD00E6C4EB /* Grade.swift */; };
		4D790F8A27360AAD00E6C4EB /* Profile.swift in Sources */ = {isa = PBXBuildFile; fileRef = 4D790F8227360AAD00E6C4EB /* Profile.swift */; };
		4D790F8B27360AAD00E6C4EB /* Course.swift in Sources */ = {isa = PBXBuildFile; fileRef = 4D790F8327360AAD00E6C4EB /* Course.swift */; };
		4D790F8D27360AAD00E6C4EB /* Attendance.swift in Sources */ = {isa = PBXBuildFile; fileRef = 4D790F8527360AAD00E6C4EB /* Attendance.swift */; };
		4D790F9927361AB800E6C4EB /* powerschool.pb.swift in Sources */ = {isa = PBXBuildFile; fileRef = 4D790F9727361AB800E6C4EB /* powerschool.pb.swift */; };
		4D790F9A27361AB800E6C4EB /* ProtoTypealiases.swift in Sources */ = {isa = PBXBuildFile; fileRef = 4D790F9827361AB800E6C4EB /* ProtoTypealiases.swift */; };
		4D790F9C2736296100E6C4EB /* TermGrade.swift in Sources */ = {isa = PBXBuildFile; fileRef = 4D790F9B2736296100E6C4EB /* TermGrade.swift */; };
		4D790FA12736327400E6C4EB /* Alamofire in Frameworks */ = {isa = PBXBuildFile; productRef = 4D790FA02736327400E6C4EB /* Alamofire */; };
		4D790FA3273632C600E6C4EB /* RequestData.swift in Sources */ = {isa = PBXBuildFile; fileRef = 4D790FA2273632C600E6C4EB /* RequestData.swift */; };
		4D790FA927363EF700E6C4EB /* Term.swift in Sources */ = {isa = PBXBuildFile; fileRef = 4D790FA827363EF700E6C4EB /* Term.swift */; };
		4D790FAD27370BCE00E6C4EB /* AttendanceView.swift in Sources */ = {isa = PBXBuildFile; fileRef = 4D790FAC27370BCD00E6C4EB /* AttendanceView.swift */; };
		4D790FAF2737106200E6C4EB /* AttendanceItem.swift in Sources */ = {isa = PBXBuildFile; fileRef = 4D790FAE2737106200E6C4EB /* AttendanceItem.swift */; };
		4D790FB12737116600E6C4EB /* AttendanceDetailView.swift in Sources */ = {isa = PBXBuildFile; fileRef = 4D790FB02737116600E6C4EB /* AttendanceDetailView.swift */; };
		4D790FB4273719C300E6C4EB /* ProfileView.swift in Sources */ = {isa = PBXBuildFile; fileRef = 4D790FB3273719C300E6C4EB /* ProfileView.swift */; };
		4D790FB7273721E900E6C4EB /* SettingsView.swift in Sources */ = {isa = PBXBuildFile; fileRef = 4D790FB6273721E900E6C4EB /* SettingsView.swift */; };
		4D790FB92737431900E6C4EB /* SettingsStore.swift in Sources */ = {isa = PBXBuildFile; fileRef = 4D790FB82737431900E6C4EB /* SettingsStore.swift */; };
		4D790FBB27374BC200E6C4EB /* StudentDataStore.swift in Sources */ = {isa = PBXBuildFile; fileRef = 4D790FBA27374BC200E6C4EB /* StudentDataStore.swift */; };
		4D790FBE27376C9100E6C4EB /* AppDelegate.swift in Sources */ = {isa = PBXBuildFile; fileRef = 4D790FBD27376C9100E6C4EB /* AppDelegate.swift */; };
		4D790FC22737828700E6C4EB /* PushNotification.swift in Sources */ = {isa = PBXBuildFile; fileRef = 4D790FC12737828700E6C4EB /* PushNotification.swift */; };
		4D790FC627380C1800E6C4EB /* StudentDataUtils.swift in Sources */ = {isa = PBXBuildFile; fileRef = 4D790FC527380C1800E6C4EB /* StudentDataUtils.swift */; };
		4D790FC827381BAA00E6C4EB /* SettingItem.swift in Sources */ = {isa = PBXBuildFile; fileRef = 4D790FC727381BAA00E6C4EB /* SettingItem.swift */; };
		4D790FCA27381CF500E6C4EB /* MailView.swift in Sources */ = {isa = PBXBuildFile; fileRef = 4D790FC927381CF500E6C4EB /* MailView.swift */; };
		4D790FCC27381D2500E6C4EB /* ComposeMailData.swift in Sources */ = {isa = PBXBuildFile; fileRef = 4D790FCB27381D2500E6C4EB /* ComposeMailData.swift */; };
		4D790FCE27381ED000E6C4EB /* BugReportEmailView.swift in Sources */ = {isa = PBXBuildFile; fileRef = 4D790FCD27381ED000E6C4EB /* BugReportEmailView.swift */; };
		4D790FD027382B0200E6C4EB /* SupportSection.swift in Sources */ = {isa = PBXBuildFile; fileRef = 4D790FCF27382B0200E6C4EB /* SupportSection.swift */; };
		4D790FD327382B9800E6C4EB /* AboutView.swift in Sources */ = {isa = PBXBuildFile; fileRef = 4D790FD227382B9800E6C4EB /* AboutView.swift */; };
		4D790FD62738315D00E6C4EB /* LoginViewModel.swift in Sources */ = {isa = PBXBuildFile; fileRef = 4D790FD52738315D00E6C4EB /* LoginViewModel.swift */; };
		4D790FD82738386800E6C4EB /* LoginView.swift in Sources */ = {isa = PBXBuildFile; fileRef = 4D790FD72738386800E6C4EB /* LoginView.swift */; };
		4D790FDA27383A8700E6C4EB /* AuthenticationStore.swift in Sources */ = {isa = PBXBuildFile; fileRef = 4D790FD927383A8700E6C4EB /* AuthenticationStore.swift */; };
		4D790FDD27383EC600E6C4EB /* KeychainAccess in Frameworks */ = {isa = PBXBuildFile; productRef = 4D790FDC27383EC600E6C4EB /* KeychainAccess */; };
		4D790FDF273850E900E6C4EB /* TextField.swift in Sources */ = {isa = PBXBuildFile; fileRef = 4D790FDE273850E900E6C4EB /* TextField.swift */; };
		4D790FE12738675600E6C4EB /* ErrorResponse.swift in Sources */ = {isa = PBXBuildFile; fileRef = 4D790FE02738675600E6C4EB /* ErrorResponse.swift */; };
		4D8D7D322749E958001A1562 /* AsyncImageView.swift in Sources */ = {isa = PBXBuildFile; fileRef = 4D8D7D312749E958001A1562 /* AsyncImageView.swift */; };
		4D8E64C9274B1A4400F602C4 /* KVKCalendar in Frameworks */ = {isa = PBXBuildFile; productRef = 4D8E64C8274B1A4400F602C4 /* KVKCalendar */; };
		4D8E64CC274B1A6700F602C4 /* CalendarDisplayView.swift in Sources */ = {isa = PBXBuildFile; fileRef = 4D8E64CB274B1A6600F602C4 /* CalendarDisplayView.swift */; };
		4D8E64CF274B249400F602C4 /* ScheduleView.swift in Sources */ = {isa = PBXBuildFile; fileRef = 4D8E64CE274B249400F602C4 /* ScheduleView.swift */; };
		4D991B2B2DB341430036A979 /* DGCharts in Frameworks */ = {isa = PBXBuildFile; productRef = 4D991B2A2DB341430036A979 /* DGCharts */; };
		4DB364E42753098600C455D7 /* buildProto.sh in Resources */ = {isa = PBXBuildFile; fileRef = 4DB364E32753098600C455D7 /* buildProto.sh */; };
		4DB364E72753119D00C455D7 /* Lottie in Frameworks */ = {isa = PBXBuildFile; productRef = 4DB364E62753119D00C455D7 /* Lottie */; };
		4DB364E92753124A00C455D7 /* LottieView.swift in Sources */ = {isa = PBXBuildFile; fileRef = 4DB364E82753124A00C455D7 /* LottieView.swift */; };
		4DB364ED2753134D00C455D7 /* gift_box.json in Resources */ = {isa = PBXBuildFile; fileRef = 4DB364EB2753134D00C455D7 /* gift_box.json */; };
		4DB364EE2753134D00C455D7 /* cheer.json in Resources */ = {isa = PBXBuildFile; fileRef = 4DB364EC2753134D00C455D7 /* cheer.json */; };
		4DB364F027534B8700C455D7 /* BirthdayView.swift in Sources */ = {isa = PBXBuildFile; fileRef = 4DB364EF27534B8700C455D7 /* BirthdayView.swift */; };
		4DB364F2275356D200C455D7 /* Int+Extensions.swift in Sources */ = {isa = PBXBuildFile; fileRef = 4DB364F1275356D200C455D7 /* Int+Extensions.swift */; };
		4DB6DF052733700000FA7B40 /* Utils.swift in Sources */ = {isa = PBXBuildFile; fileRef = 4DB6DF042733700000FA7B40 /* Utils.swift */; };
		4DB6DF092733705800FA7B40 /* View+cornerRadius.swift in Sources */ = {isa = PBXBuildFile; fileRef = 4DB6DF082733705800FA7B40 /* View+cornerRadius.swift */; };
		4DB6DF0B2733707D00FA7B40 /* DashboardCourseItem.swift in Sources */ = {isa = PBXBuildFile; fileRef = 4DB6DF0A2733707D00FA7B40 /* DashboardCourseItem.swift */; };
		4DB6DF0E2733789B00FA7B40 /* Colors.swift in Sources */ = {isa = PBXBuildFile; fileRef = 4DB6DF0D2733789B00FA7B40 /* Colors.swift */; };
		4DB6DF102733813E00FA7B40 /* AssignmentItem.swift in Sources */ = {isa = PBXBuildFile; fileRef = 4DB6DF0F2733813E00FA7B40 /* AssignmentItem.swift */; };
		4DB6DF122733816E00FA7B40 /* TermItem.swift in Sources */ = {isa = PBXBuildFile; fileRef = 4DB6DF112733816E00FA7B40 /* TermItem.swift */; };
		4DDA514F2743354D00B56FDB /* RefreshHelper.swift in Sources */ = {isa = PBXBuildFile; fileRef = 4DDA514E2743354D00B56FDB /* RefreshHelper.swift */; };
		4DDA515127433D1600B56FDB /* CoursesListView.swift in Sources */ = {isa = PBXBuildFile; fileRef = 4DDA515027433D1600B56FDB /* CoursesListView.swift */; };
		4DDA515327433F9500B56FDB /* InformationCard.swift in Sources */ = {isa = PBXBuildFile; fileRef = 4DDA515227433F9500B56FDB /* InformationCard.swift */; };
		4DDA51552743486200B56FDB /* InfoCardStore.swift in Sources */ = {isa = PBXBuildFile; fileRef = 4DDA51542743486200B56FDB /* InfoCardStore.swift */; };
		620F3810276ABCA8001D952B /* UIApplication+Extensions.swift in Sources */ = {isa = PBXBuildFile; fileRef = 620F380F276ABCA8001D952B /* UIApplication+Extensions.swift */; };
		621D38E627307D4000825D5C /* SchoolPowerApp.swift in Sources */ = {isa = PBXBuildFile; fileRef = 621D38E527307D4000825D5C /* SchoolPowerApp.swift */; };
		621D38E827307D4000825D5C /* SchoolPowerAppView.swift in Sources */ = {isa = PBXBuildFile; fileRef = 621D38E727307D4000825D5C /* SchoolPowerAppView.swift */; };
		621D38EA27307D4A00825D5C /* Assets.xcassets in Resources */ = {isa = PBXBuildFile; fileRef = 621D38E927307D4A00825D5C /* Assets.xcassets */; };
		621D38ED27307D4A00825D5C /* Preview Assets.xcassets in Resources */ = {isa = PBXBuildFile; fileRef = 621D38EC27307D4A00825D5C /* Preview Assets.xcassets */; };
		621D38F827307D4A00825D5C /* SchoolPowerTests.swift in Sources */ = {isa = PBXBuildFile; fileRef = 621D38F727307D4A00825D5C /* SchoolPowerTests.swift */; };
		621D390327307D4A00825D5C /* SchoolPowerUITests.swift in Sources */ = {isa = PBXBuildFile; fileRef = 621D390227307D4A00825D5C /* SchoolPowerUITests.swift */; };
		623F07892730B343007A79F2 /* DashboardView.swift in Sources */ = {isa = PBXBuildFile; fileRef = 623F07882730B343007A79F2 /* DashboardView.swift */; };
		623F078B2730B353007A79F2 /* DashboardViewModel.swift in Sources */ = {isa = PBXBuildFile; fileRef = 623F078A2730B353007A79F2 /* DashboardViewModel.swift */; };
		623F078E2730BCAD007A79F2 /* CourseDetailView.swift in Sources */ = {isa = PBXBuildFile; fileRef = 623F078D2730BCAD007A79F2 /* CourseDetailView.swift */; };
		623F07A627323B54007A79F2 /* AssignmentDetailView.swift in Sources */ = {isa = PBXBuildFile; fileRef = 623F07A527323B54007A79F2 /* AssignmentDetailView.swift */; };
		623F07A927323EE0007A79F2 /* InfoItem.swift in Sources */ = {isa = PBXBuildFile; fileRef = 623F07A827323EE0007A79F2 /* InfoItem.swift */; };
		623F07AC27324014007A79F2 /* TermDetailView.swift in Sources */ = {isa = PBXBuildFile; fileRef = 623F07AB27324014007A79F2 /* TermDetailView.swift */; };
		623F07AF273249A7007A79F2 /* Poppins-Regular.ttf in Resources */ = {isa = PBXBuildFile; fileRef = 623F07AE273249A7007A79F2 /* Poppins-Regular.ttf */; };
		623F07B1273249BA007A79F2 /* Poppins-SemiBold.ttf in Resources */ = {isa = PBXBuildFile; fileRef = 623F07B0273249BA007A79F2 /* Poppins-SemiBold.ttf */; };
		623F07B32742C75A007A79F2 /* licenses.json in Resources */ = {isa = PBXBuildFile; fileRef = 623F07B22742C75A007A79F2 /* licenses.json */; };
		62A45EC02742F54200BBE8D9 /* InfoCard.swift in Sources */ = {isa = PBXBuildFile; fileRef = 62A45EBF2742F54200BBE8D9 /* InfoCard.swift */; };
		62CE9895276161DC005D69A7 /* ContentView.swift in Sources */ = {isa = PBXBuildFile; fileRef = 62CE9894276161DC005D69A7 /* ContentView.swift */; };
		62CE98972761629C005D69A7 /* HideTitleBarOnCatalyst.swift in Sources */ = {isa = PBXBuildFile; fileRef = 62CE98962761629C005D69A7 /* HideTitleBarOnCatalyst.swift */; };
/* End PBXBuildFile section */

/* Begin PBXContainerItemProxy section */
		621D38F427307D4A00825D5C /* PBXContainerItemProxy */ = {
			isa = PBXContainerItemProxy;
			containerPortal = 621D38DA27307D4000825D5C /* Project object */;
			proxyType = 1;
			remoteGlobalIDString = 621D38E127307D4000825D5C;
			remoteInfo = SchoolPower;
		};
		621D38FF27307D4A00825D5C /* PBXContainerItemProxy */ = {
			isa = PBXContainerItemProxy;
			containerPortal = 621D38DA27307D4000825D5C /* Project object */;
			proxyType = 1;
			remoteGlobalIDString = 621D38E127307D4000825D5C;
			remoteInfo = SchoolPower;
		};
/* End PBXContainerItemProxy section */

/* Begin PBXFileReference section */
		4D0517192750852F00D6891B /* BarChartStatisticsView.swift */ = {isa = PBXFileReference; lastKnownFileType = sourcecode.swift; path = BarChartStatisticsView.swift; sourceTree = "<group>"; };
		4D051720275088AF00D6891B /* BarChart.swift */ = {isa = PBXFileReference; lastKnownFileType = sourcecode.swift; path = BarChart.swift; sourceTree = "<group>"; };
		4D0517232751628E00D6891B /* RadarChart.swift */ = {isa = PBXFileReference; lastKnownFileType = sourcecode.swift; path = RadarChart.swift; sourceTree = "<group>"; };
		4D051725275165F400D6891B /* RadarChartStatisticsView.swift */ = {isa = PBXFileReference; lastKnownFileType = sourcecode.swift; path = RadarChartStatisticsView.swift; sourceTree = "<group>"; };
		4D13B982274F19C800E05FCA /* StatisticsView.swift */ = {isa = PBXFileReference; lastKnownFileType = sourcecode.swift; path = StatisticsView.swift; sourceTree = "<group>"; };
		4D13B987274F33F800E05FCA /* WaveView.swift */ = {isa = PBXFileReference; lastKnownFileType = sourcecode.swift; path = WaveView.swift; sourceTree = "<group>"; };
		4D1B0985273F4C2300D03CC8 /* DisabledInfo.swift */ = {isa = PBXFileReference; lastKnownFileType = sourcecode.swift; path = DisabledInfo.swift; sourceTree = "<group>"; };
		4D1B0987273F4C8C00D03CC8 /* PlaceholderInfoView.swift */ = {isa = PBXFileReference; lastKnownFileType = sourcecode.swift; path = PlaceholderInfoView.swift; sourceTree = "<group>"; };
		4D1B0989273F522D00D03CC8 /* DisabledInfoView.swift */ = {isa = PBXFileReference; lastKnownFileType = sourcecode.swift; path = DisabledInfoView.swift; sourceTree = "<group>"; };
		4D1B098B273F527A00D03CC8 /* NoGradesView.swift */ = {isa = PBXFileReference; lastKnownFileType = sourcecode.swift; path = NoGradesView.swift; sourceTree = "<group>"; };
		4D1B098D273F54F600D03CC8 /* NoAttendanceView.swift */ = {isa = PBXFileReference; lastKnownFileType = sourcecode.swift; path = NoAttendanceView.swift; sourceTree = "<group>"; };
		4D1B098F273F5D9100D03CC8 /* AvatarButton.swift */ = {isa = PBXFileReference; lastKnownFileType = sourcecode.swift; path = AvatarButton.swift; sourceTree = "<group>"; };
		4D1B0993273F78E500D03CC8 /* View+userInteractionDisabled.swift */ = {isa = PBXFileReference; lastKnownFileType = sourcecode.swift; path = "View+userInteractionDisabled.swift"; sourceTree = "<group>"; };
		4D1B099B274021DB00D03CC8 /* ImagePicker.swift */ = {isa = PBXFileReference; lastKnownFileType = sourcecode.swift; path = ImagePicker.swift; sourceTree = "<group>"; };
		4D1B099D2740268400D03CC8 /* ImageCropper.swift */ = {isa = PBXFileReference; lastKnownFileType = sourcecode.swift; path = ImageCropper.swift; sourceTree = "<group>"; };
		4D1B099F274037F900D03CC8 /* AlertIfError.swift */ = {isa = PBXFileReference; lastKnownFileType = sourcecode.swift; path = AlertIfError.swift; sourceTree = "<group>"; };
		4D1B09A127404E2700D03CC8 /* ImageUploadResponse.swift */ = {isa = PBXFileReference; lastKnownFileType = sourcecode.swift; path = ImageUploadResponse.swift; sourceTree = "<group>"; };
		4D1B09A327404F4F00D03CC8 /* SetAvatarRequest.swift */ = {isa = PBXFileReference; lastKnownFileType = sourcecode.swift; path = SetAvatarRequest.swift; sourceTree = "<group>"; };
		4D1B09B12740839300D03CC8 /* zh-Hans */ = {isa = PBXFileReference; lastKnownFileType = text.plist.strings; name = "zh-Hans"; path = "zh-Hans.lproj/Localizable.strings"; sourceTree = "<group>"; };
		4D1B09B2274083A500D03CC8 /* zh-Hant */ = {isa = PBXFileReference; lastKnownFileType = text.plist.strings; name = "zh-Hant"; path = "zh-Hant.lproj/Localizable.strings"; sourceTree = "<group>"; };
		4D1B09B3274083AD00D03CC8 /* ja */ = {isa = PBXFileReference; lastKnownFileType = text.plist.strings; name = ja; path = ja.lproj/Localizable.strings; sourceTree = "<group>"; };
		4D1B09B42740BC5500D03CC8 /* en */ = {isa = PBXFileReference; lastKnownFileType = text.plist.strings; name = en; path = en.lproj/Localizable.strings; sourceTree = "<group>"; };
		4D1B09BD27419E4800D03CC8 /* SendBugReportEmail.swift */ = {isa = PBXFileReference; lastKnownFileType = sourcecode.swift; path = SendBugReportEmail.swift; sourceTree = "<group>"; };
		4D1B09BF2741C26D00D03CC8 /* generate-licenses.py */ = {isa = PBXFileReference; fileEncoding = 4; lastKnownFileType = text.script.python; path = "generate-licenses.py"; sourceTree = "<group>"; };
		4D1B09C52741C4F500D03CC8 /* LicensesView.swift */ = {isa = PBXFileReference; lastKnownFileType = sourcecode.swift; path = LicensesView.swift; sourceTree = "<group>"; };
		4D1B09C72741C51900D03CC8 /* License.swift */ = {isa = PBXFileReference; lastKnownFileType = sourcecode.swift; path = License.swift; sourceTree = "<group>"; };
		4D4395D02753FF8500EEFB63 /* Constants.swift */ = {isa = PBXFileReference; fileEncoding = 4; lastKnownFileType = sourcecode.swift; path = Constants.swift; sourceTree = "<group>"; };
		4D4395D12753FF8500EEFB63 /* Language.swift */ = {isa = PBXFileReference; fileEncoding = 4; lastKnownFileType = sourcecode.swift; path = Language.swift; sourceTree = "<group>"; };
		4D4395D22753FF8500EEFB63 /* GetDataAction.swift */ = {isa = PBXFileReference; fileEncoding = 4; lastKnownFileType = sourcecode.swift; path = GetDataAction.swift; sourceTree = "<group>"; };
		4D4682102751DA28002DE272 /* LabelStyle+Extensions.swift */ = {isa = PBXFileReference; lastKnownFileType = sourcecode.swift; path = "LabelStyle+Extensions.swift"; sourceTree = "<group>"; };
		4D4682122751F4C4002DE272 /* JSONDecodingOptions+Extension.swift */ = {isa = PBXFileReference; lastKnownFileType = sourcecode.swift; path = "JSONDecodingOptions+Extension.swift"; sourceTree = "<group>"; };
		4D50B935275069D4005EC5A9 /* GPAView.swift */ = {isa = PBXFileReference; lastKnownFileType = sourcecode.swift; path = GPAView.swift; sourceTree = "<group>"; };
		4D50B93827506E3B005EC5A9 /* Double+Extensions.swift */ = {isa = PBXFileReference; lastKnownFileType = sourcecode.swift; path = "Double+Extensions.swift"; sourceTree = "<group>"; };
		4D50B93A27506E8D005EC5A9 /* Array+Extensions.swift */ = {isa = PBXFileReference; lastKnownFileType = sourcecode.swift; path = "Array+Extensions.swift"; sourceTree = "<group>"; };
		4D50B93C27506EBC005EC5A9 /* Int64+Extensions.swift */ = {isa = PBXFileReference; lastKnownFileType = sourcecode.swift; path = "Int64+Extensions.swift"; sourceTree = "<group>"; };
		4D50B93E27506ED8005EC5A9 /* Date+Extensions.swift */ = {isa = PBXFileReference; lastKnownFileType = sourcecode.swift; path = "Date+Extensions.swift"; sourceTree = "<group>"; };
		4D50B94027506EF4005EC5A9 /* String+Extensions.swift */ = {isa = PBXFileReference; lastKnownFileType = sourcecode.swift; path = "String+Extensions.swift"; sourceTree = "<group>"; };
		4D6EC754273B39E5002CAD13 /* HeaderView.swift */ = {isa = PBXFileReference; lastKnownFileType = sourcecode.swift; path = HeaderView.swift; sourceTree = "<group>"; };
		4D6EC756273B3A63002CAD13 /* AvatarView.swift */ = {isa = PBXFileReference; lastKnownFileType = sourcecode.swift; path = AvatarView.swift; sourceTree = "<group>"; };
		4D6EC75A273B4AD2002CAD13 /* ImageLoader.swift */ = {isa = PBXFileReference; lastKnownFileType = sourcecode.swift; path = ImageLoader.swift; sourceTree = "<group>"; };
		4D6EC75C273B4C3F002CAD13 /* StudentData.swift */ = {isa = PBXFileReference; lastKnownFileType = sourcecode.swift; path = StudentData.swift; sourceTree = "<group>"; };
		4D6EC75E273B4C9E002CAD13 /* ExtraInfo.swift */ = {isa = PBXFileReference; lastKnownFileType = sourcecode.swift; path = ExtraInfo.swift; sourceTree = "<group>"; };
		4D6EC761273B5D22002CAD13 /* HeaderViewState.swift */ = {isa = PBXFileReference; lastKnownFileType = sourcecode.swift; path = HeaderViewState.swift; sourceTree = "<group>"; };
		4D790F7F27360AAD00E6C4EB /* Assignment.swift */ = {isa = PBXFileReference; fileEncoding = 4; lastKnownFileType = sourcecode.swift; path = Assignment.swift; sourceTree = "<group>"; };
		4D790F8027360AAD00E6C4EB /* Grade.swift */ = {isa = PBXFileReference; fileEncoding = 4; lastKnownFileType = sourcecode.swift; path = Grade.swift; sourceTree = "<group>"; };
		4D790F8227360AAD00E6C4EB /* Profile.swift */ = {isa = PBXFileReference; fileEncoding = 4; lastKnownFileType = sourcecode.swift; path = Profile.swift; sourceTree = "<group>"; };
		4D790F8327360AAD00E6C4EB /* Course.swift */ = {isa = PBXFileReference; fileEncoding = 4; lastKnownFileType = sourcecode.swift; path = Course.swift; sourceTree = "<group>"; };
		4D790F8527360AAD00E6C4EB /* Attendance.swift */ = {isa = PBXFileReference; fileEncoding = 4; lastKnownFileType = sourcecode.swift; path = Attendance.swift; sourceTree = "<group>"; };
		4D790F9727361AB800E6C4EB /* powerschool.pb.swift */ = {isa = PBXFileReference; fileEncoding = 4; lastKnownFileType = sourcecode.swift; path = powerschool.pb.swift; sourceTree = "<group>"; };
		4D790F9827361AB800E6C4EB /* ProtoTypealiases.swift */ = {isa = PBXFileReference; fileEncoding = 4; lastKnownFileType = sourcecode.swift; path = ProtoTypealiases.swift; sourceTree = "<group>"; };
		4D790F9B2736296100E6C4EB /* TermGrade.swift */ = {isa = PBXFileReference; lastKnownFileType = sourcecode.swift; path = TermGrade.swift; sourceTree = "<group>"; };
		4D790FA2273632C600E6C4EB /* RequestData.swift */ = {isa = PBXFileReference; lastKnownFileType = sourcecode.swift; path = RequestData.swift; sourceTree = "<group>"; };
		4D790FA827363EF700E6C4EB /* Term.swift */ = {isa = PBXFileReference; lastKnownFileType = sourcecode.swift; path = Term.swift; sourceTree = "<group>"; };
		4D790FAA2736CBDB00E6C4EB /* SchoolPower.entitlements */ = {isa = PBXFileReference; lastKnownFileType = text.plist.entitlements; path = SchoolPower.entitlements; sourceTree = "<group>"; };
		4D790FAC27370BCD00E6C4EB /* AttendanceView.swift */ = {isa = PBXFileReference; lastKnownFileType = sourcecode.swift; path = AttendanceView.swift; sourceTree = "<group>"; };
		4D790FAE2737106200E6C4EB /* AttendanceItem.swift */ = {isa = PBXFileReference; lastKnownFileType = sourcecode.swift; path = AttendanceItem.swift; sourceTree = "<group>"; };
		4D790FB02737116600E6C4EB /* AttendanceDetailView.swift */ = {isa = PBXFileReference; lastKnownFileType = sourcecode.swift; path = AttendanceDetailView.swift; sourceTree = "<group>"; };
		4D790FB3273719C300E6C4EB /* ProfileView.swift */ = {isa = PBXFileReference; lastKnownFileType = sourcecode.swift; path = ProfileView.swift; sourceTree = "<group>"; };
		4D790FB6273721E900E6C4EB /* SettingsView.swift */ = {isa = PBXFileReference; lastKnownFileType = sourcecode.swift; path = SettingsView.swift; sourceTree = "<group>"; };
		4D790FB82737431900E6C4EB /* SettingsStore.swift */ = {isa = PBXFileReference; lastKnownFileType = sourcecode.swift; path = SettingsStore.swift; sourceTree = "<group>"; };
		4D790FBA27374BC200E6C4EB /* StudentDataStore.swift */ = {isa = PBXFileReference; lastKnownFileType = sourcecode.swift; path = StudentDataStore.swift; sourceTree = "<group>"; };
		4D790FBD27376C9100E6C4EB /* AppDelegate.swift */ = {isa = PBXFileReference; lastKnownFileType = sourcecode.swift; path = AppDelegate.swift; sourceTree = "<group>"; };
		4D790FC12737828700E6C4EB /* PushNotification.swift */ = {isa = PBXFileReference; lastKnownFileType = sourcecode.swift; path = PushNotification.swift; sourceTree = "<group>"; };
		4D790FC527380C1800E6C4EB /* StudentDataUtils.swift */ = {isa = PBXFileReference; lastKnownFileType = sourcecode.swift; path = StudentDataUtils.swift; sourceTree = "<group>"; };
		4D790FC727381BAA00E6C4EB /* SettingItem.swift */ = {isa = PBXFileReference; lastKnownFileType = sourcecode.swift; path = SettingItem.swift; sourceTree = "<group>"; };
		4D790FC927381CF500E6C4EB /* MailView.swift */ = {isa = PBXFileReference; lastKnownFileType = sourcecode.swift; path = MailView.swift; sourceTree = "<group>"; };
		4D790FCB27381D2500E6C4EB /* ComposeMailData.swift */ = {isa = PBXFileReference; lastKnownFileType = sourcecode.swift; path = ComposeMailData.swift; sourceTree = "<group>"; };
		4D790FCD27381ED000E6C4EB /* BugReportEmailView.swift */ = {isa = PBXFileReference; lastKnownFileType = sourcecode.swift; path = BugReportEmailView.swift; sourceTree = "<group>"; };
		4D790FCF27382B0200E6C4EB /* SupportSection.swift */ = {isa = PBXFileReference; lastKnownFileType = sourcecode.swift; path = SupportSection.swift; sourceTree = "<group>"; };
		4D790FD227382B9800E6C4EB /* AboutView.swift */ = {isa = PBXFileReference; lastKnownFileType = sourcecode.swift; path = AboutView.swift; sourceTree = "<group>"; };
		4D790FD52738315D00E6C4EB /* LoginViewModel.swift */ = {isa = PBXFileReference; lastKnownFileType = sourcecode.swift; path = LoginViewModel.swift; sourceTree = "<group>"; };
		4D790FD72738386800E6C4EB /* LoginView.swift */ = {isa = PBXFileReference; lastKnownFileType = sourcecode.swift; path = LoginView.swift; sourceTree = "<group>"; };
		4D790FD927383A8700E6C4EB /* AuthenticationStore.swift */ = {isa = PBXFileReference; lastKnownFileType = sourcecode.swift; path = AuthenticationStore.swift; sourceTree = "<group>"; };
		4D790FDE273850E900E6C4EB /* TextField.swift */ = {isa = PBXFileReference; lastKnownFileType = sourcecode.swift; path = TextField.swift; sourceTree = "<group>"; };
		4D790FE02738675600E6C4EB /* ErrorResponse.swift */ = {isa = PBXFileReference; lastKnownFileType = sourcecode.swift; path = ErrorResponse.swift; sourceTree = "<group>"; };
		4D8D7D312749E958001A1562 /* AsyncImageView.swift */ = {isa = PBXFileReference; lastKnownFileType = sourcecode.swift; path = AsyncImageView.swift; sourceTree = "<group>"; };
		4D8E64CB274B1A6600F602C4 /* CalendarDisplayView.swift */ = {isa = PBXFileReference; lastKnownFileType = sourcecode.swift; path = CalendarDisplayView.swift; sourceTree = "<group>"; };
		4D8E64CE274B249400F602C4 /* ScheduleView.swift */ = {isa = PBXFileReference; lastKnownFileType = sourcecode.swift; path = ScheduleView.swift; sourceTree = "<group>"; };
		4DB364E32753098600C455D7 /* buildProto.sh */ = {isa = PBXFileReference; fileEncoding = 4; lastKnownFileType = text.script.sh; path = buildProto.sh; sourceTree = "<group>"; };
		4DB364E82753124A00C455D7 /* LottieView.swift */ = {isa = PBXFileReference; lastKnownFileType = sourcecode.swift; path = LottieView.swift; sourceTree = "<group>"; };
		4DB364EB2753134D00C455D7 /* gift_box.json */ = {isa = PBXFileReference; fileEncoding = 4; lastKnownFileType = text.json; path = gift_box.json; sourceTree = "<group>"; };
		4DB364EC2753134D00C455D7 /* cheer.json */ = {isa = PBXFileReference; fileEncoding = 4; lastKnownFileType = text.json; path = cheer.json; sourceTree = "<group>"; };
		4DB364EF27534B8700C455D7 /* BirthdayView.swift */ = {isa = PBXFileReference; lastKnownFileType = sourcecode.swift; path = BirthdayView.swift; sourceTree = "<group>"; };
		4DB364F1275356D200C455D7 /* Int+Extensions.swift */ = {isa = PBXFileReference; lastKnownFileType = sourcecode.swift; path = "Int+Extensions.swift"; sourceTree = "<group>"; };
		4DB6DF042733700000FA7B40 /* Utils.swift */ = {isa = PBXFileReference; lastKnownFileType = sourcecode.swift; path = Utils.swift; sourceTree = "<group>"; };
		4DB6DF082733705800FA7B40 /* View+cornerRadius.swift */ = {isa = PBXFileReference; lastKnownFileType = sourcecode.swift; path = "View+cornerRadius.swift"; sourceTree = "<group>"; };
		4DB6DF0A2733707D00FA7B40 /* DashboardCourseItem.swift */ = {isa = PBXFileReference; lastKnownFileType = sourcecode.swift; path = DashboardCourseItem.swift; sourceTree = "<group>"; };
		4DB6DF0D2733789B00FA7B40 /* Colors.swift */ = {isa = PBXFileReference; lastKnownFileType = sourcecode.swift; path = Colors.swift; sourceTree = "<group>"; };
		4DB6DF0F2733813E00FA7B40 /* AssignmentItem.swift */ = {isa = PBXFileReference; lastKnownFileType = sourcecode.swift; path = AssignmentItem.swift; sourceTree = "<group>"; };
		4DB6DF112733816E00FA7B40 /* TermItem.swift */ = {isa = PBXFileReference; lastKnownFileType = sourcecode.swift; path = TermItem.swift; sourceTree = "<group>"; };
		4DDA514E2743354D00B56FDB /* RefreshHelper.swift */ = {isa = PBXFileReference; lastKnownFileType = sourcecode.swift; path = RefreshHelper.swift; sourceTree = "<group>"; };
		4DDA515027433D1600B56FDB /* CoursesListView.swift */ = {isa = PBXFileReference; lastKnownFileType = sourcecode.swift; path = CoursesListView.swift; sourceTree = "<group>"; };
		4DDA515227433F9500B56FDB /* InformationCard.swift */ = {isa = PBXFileReference; lastKnownFileType = sourcecode.swift; path = InformationCard.swift; sourceTree = "<group>"; };
		4DDA51542743486200B56FDB /* InfoCardStore.swift */ = {isa = PBXFileReference; lastKnownFileType = sourcecode.swift; path = InfoCardStore.swift; sourceTree = "<group>"; };
		4DF62FB52754211400E81B0C /* GatherScreenshots.xctestplan */ = {isa = PBXFileReference; lastKnownFileType = text; path = GatherScreenshots.xctestplan; sourceTree = "<group>"; };
		620F380F276ABCA8001D952B /* UIApplication+Extensions.swift */ = {isa = PBXFileReference; lastKnownFileType = sourcecode.swift; path = "UIApplication+Extensions.swift"; sourceTree = "<group>"; };
		621D38E227307D4000825D5C /* SchoolPower.app */ = {isa = PBXFileReference; explicitFileType = wrapper.application; includeInIndex = 0; path = SchoolPower.app; sourceTree = BUILT_PRODUCTS_DIR; };
		621D38E527307D4000825D5C /* SchoolPowerApp.swift */ = {isa = PBXFileReference; lastKnownFileType = sourcecode.swift; path = SchoolPowerApp.swift; sourceTree = "<group>"; };
		621D38E727307D4000825D5C /* SchoolPowerAppView.swift */ = {isa = PBXFileReference; lastKnownFileType = sourcecode.swift; path = SchoolPowerAppView.swift; sourceTree = "<group>"; };
		621D38E927307D4A00825D5C /* Assets.xcassets */ = {isa = PBXFileReference; lastKnownFileType = folder.assetcatalog; path = Assets.xcassets; sourceTree = "<group>"; };
		621D38EC27307D4A00825D5C /* Preview Assets.xcassets */ = {isa = PBXFileReference; lastKnownFileType = folder.assetcatalog; path = "Preview Assets.xcassets"; sourceTree = "<group>"; };
		621D38EE27307D4A00825D5C /* Info.plist */ = {isa = PBXFileReference; lastKnownFileType = text.plist.xml; path = Info.plist; sourceTree = "<group>"; };
		621D38F327307D4A00825D5C /* SchoolPowerTests.xctest */ = {isa = PBXFileReference; explicitFileType = wrapper.cfbundle; includeInIndex = 0; path = SchoolPowerTests.xctest; sourceTree = BUILT_PRODUCTS_DIR; };
		621D38F727307D4A00825D5C /* SchoolPowerTests.swift */ = {isa = PBXFileReference; lastKnownFileType = sourcecode.swift; path = SchoolPowerTests.swift; sourceTree = "<group>"; };
		621D38F927307D4A00825D5C /* Info.plist */ = {isa = PBXFileReference; lastKnownFileType = text.plist.xml; path = Info.plist; sourceTree = "<group>"; };
		621D38FE27307D4A00825D5C /* SchoolPowerUITests.xctest */ = {isa = PBXFileReference; explicitFileType = wrapper.cfbundle; includeInIndex = 0; path = SchoolPowerUITests.xctest; sourceTree = BUILT_PRODUCTS_DIR; };
		621D390227307D4A00825D5C /* SchoolPowerUITests.swift */ = {isa = PBXFileReference; lastKnownFileType = sourcecode.swift; path = SchoolPowerUITests.swift; sourceTree = "<group>"; };
		621D390427307D4A00825D5C /* Info.plist */ = {isa = PBXFileReference; lastKnownFileType = text.plist.xml; path = Info.plist; sourceTree = "<group>"; };
		623F07882730B343007A79F2 /* DashboardView.swift */ = {isa = PBXFileReference; lastKnownFileType = sourcecode.swift; path = DashboardView.swift; sourceTree = "<group>"; };
		623F078A2730B353007A79F2 /* DashboardViewModel.swift */ = {isa = PBXFileReference; lastKnownFileType = sourcecode.swift; path = DashboardViewModel.swift; sourceTree = "<group>"; };
		623F078D2730BCAD007A79F2 /* CourseDetailView.swift */ = {isa = PBXFileReference; lastKnownFileType = sourcecode.swift; path = CourseDetailView.swift; sourceTree = "<group>"; };
		623F07A527323B54007A79F2 /* AssignmentDetailView.swift */ = {isa = PBXFileReference; lastKnownFileType = sourcecode.swift; path = AssignmentDetailView.swift; sourceTree = "<group>"; };
		623F07A827323EE0007A79F2 /* InfoItem.swift */ = {isa = PBXFileReference; lastKnownFileType = sourcecode.swift; path = InfoItem.swift; sourceTree = "<group>"; };
		623F07AB27324014007A79F2 /* TermDetailView.swift */ = {isa = PBXFileReference; lastKnownFileType = sourcecode.swift; path = TermDetailView.swift; sourceTree = "<group>"; };
		623F07AE273249A7007A79F2 /* Poppins-Regular.ttf */ = {isa = PBXFileReference; lastKnownFileType = file; path = "Poppins-Regular.ttf"; sourceTree = "<group>"; };
		623F07B0273249BA007A79F2 /* Poppins-SemiBold.ttf */ = {isa = PBXFileReference; lastKnownFileType = file; path = "Poppins-SemiBold.ttf"; sourceTree = "<group>"; };
		623F07B22742C75A007A79F2 /* licenses.json */ = {isa = PBXFileReference; fileEncoding = 4; lastKnownFileType = text.json; path = licenses.json; sourceTree = "<group>"; };
		62A45EBF2742F54200BBE8D9 /* InfoCard.swift */ = {isa = PBXFileReference; lastKnownFileType = sourcecode.swift; path = InfoCard.swift; sourceTree = "<group>"; };
		62CE9894276161DC005D69A7 /* ContentView.swift */ = {isa = PBXFileReference; lastKnownFileType = sourcecode.swift; path = ContentView.swift; sourceTree = "<group>"; };
		62CE98962761629C005D69A7 /* HideTitleBarOnCatalyst.swift */ = {isa = PBXFileReference; lastKnownFileType = sourcecode.swift; path = HideTitleBarOnCatalyst.swift; sourceTree = "<group>"; };
/* End PBXFileReference section */

/* Begin PBXFrameworksBuildPhase section */
		621D38DF27307D4000825D5C /* Frameworks */ = {
			isa = PBXFrameworksBuildPhase;
			buildActionMask = 2147483647;
			files = (
				4D1F6D1F2DB34EB3000927B2 /* SwiftUIIntrospect in Frameworks */,
				4D991B2B2DB341430036A979 /* DGCharts in Frameworks */,
				4D790F752735EDC400E6C4EB /* SwiftProtobuf in Frameworks */,
				4D790FA12736327400E6C4EB /* Alamofire in Frameworks */,
				4D1B099A274021A700D03CC8 /* CropViewController in Frameworks */,
				4D790FDD27383EC600E6C4EB /* KeychainAccess in Frameworks */,
				4D8E64C9274B1A4400F602C4 /* KVKCalendar in Frameworks */,
				4DB364E72753119D00C455D7 /* Lottie in Frameworks */,
			);
			runOnlyForDeploymentPostprocessing = 0;
		};
		621D38F027307D4A00825D5C /* Frameworks */ = {
			isa = PBXFrameworksBuildPhase;
			buildActionMask = 2147483647;
			files = (
			);
			runOnlyForDeploymentPostprocessing = 0;
		};
		621D38FB27307D4A00825D5C /* Frameworks */ = {
			isa = PBXFrameworksBuildPhase;
			buildActionMask = 2147483647;
			files = (
			);
			runOnlyForDeploymentPostprocessing = 0;
		};
/* End PBXFrameworksBuildPhase section */

/* Begin PBXGroup section */
		4D051722275088BB00D6891B /* Charts */ = {
			isa = PBXGroup;
			children = (
				4D051720275088AF00D6891B /* BarChart.swift */,
				4D0517232751628E00D6891B /* RadarChart.swift */,
			);
			path = Charts;
			sourceTree = "<group>";
		};
		4D13B981274F191600E05FCA /* Statistics */ = {
			isa = PBXGroup;
			children = (
				4D13B982274F19C800E05FCA /* StatisticsView.swift */,
				4D50B935275069D4005EC5A9 /* GPAView.swift */,
				4D0517192750852F00D6891B /* BarChartStatisticsView.swift */,
				4D051725275165F400D6891B /* RadarChartStatisticsView.swift */,
			);
			path = Statistics;
			sourceTree = "<group>";
		};
		4D1B09AD274082F900D03CC8 /* Resources */ = {
			isa = PBXGroup;
			children = (
				4DB364EA2753133000C455D7 /* animations */,
				623F07AD27324902007A79F2 /* fonts */,
				623F07B22742C75A007A79F2 /* licenses.json */,
				4D1B09B02740839000D03CC8 /* Localizable.strings */,
				621D38EE27307D4A00825D5C /* Info.plist */,
				621D38E927307D4A00825D5C /* Assets.xcassets */,
			);
			path = Resources;
			sourceTree = "<group>";
		};
		4D1B09C42741C4CC00D03CC8 /* Licenses */ = {
			isa = PBXGroup;
			children = (
				4D1B09C52741C4F500D03CC8 /* LicensesView.swift */,
			);
			path = Licenses;
			sourceTree = "<group>";
		};
		4D4395CF2753FF8500EEFB63 /* Constants */ = {
			isa = PBXGroup;
			children = (
				4D4395D02753FF8500EEFB63 /* Constants.swift */,
				4D4395D12753FF8500EEFB63 /* Language.swift */,
				4D4395D22753FF8500EEFB63 /* GetDataAction.swift */,
			);
			path = Constants;
			sourceTree = "<group>";
		};
		4D50B93727506E16005EC5A9 /* Extensions */ = {
			isa = PBXGroup;
			children = (
				4D50B93827506E3B005EC5A9 /* Double+Extensions.swift */,
				4D50B93A27506E8D005EC5A9 /* Array+Extensions.swift */,
				4D50B94027506EF4005EC5A9 /* String+Extensions.swift */,
				4D50B93C27506EBC005EC5A9 /* Int64+Extensions.swift */,
				4DB364F1275356D200C455D7 /* Int+Extensions.swift */,
				4D50B93E27506ED8005EC5A9 /* Date+Extensions.swift */,
				4D4682102751DA28002DE272 /* LabelStyle+Extensions.swift */,
				4D4682122751F4C4002DE272 /* JSONDecodingOptions+Extension.swift */,
				620F380F276ABCA8001D952B /* UIApplication+Extensions.swift */,
			);
			path = Extensions;
			sourceTree = "<group>";
		};
		4D6EC760273B4EA4002CAD13 /* Header */ = {
			isa = PBXGroup;
			children = (
				4D6EC754273B39E5002CAD13 /* HeaderView.swift */,
				4D1B098F273F5D9100D03CC8 /* AvatarButton.swift */,
				4D6EC761273B5D22002CAD13 /* HeaderViewState.swift */,
			);
			path = Header;
			sourceTree = "<group>";
		};
		4D790F7D27360AAD00E6C4EB /* Model */ = {
			isa = PBXGroup;
			children = (
				4D790F7F27360AAD00E6C4EB /* Assignment.swift */,
				4D790F8027360AAD00E6C4EB /* Grade.swift */,
				4D790F8227360AAD00E6C4EB /* Profile.swift */,
				4D790F8327360AAD00E6C4EB /* Course.swift */,
				4D790F8527360AAD00E6C4EB /* Attendance.swift */,
				4D6EC75C273B4C3F002CAD13 /* StudentData.swift */,
				4D6EC75E273B4C9E002CAD13 /* ExtraInfo.swift */,
				4D1B0985273F4C2300D03CC8 /* DisabledInfo.swift */,
				4D790F9B2736296100E6C4EB /* TermGrade.swift */,
				4D790FA827363EF700E6C4EB /* Term.swift */,
				4D790FA2273632C600E6C4EB /* RequestData.swift */,
				4D790FE02738675600E6C4EB /* ErrorResponse.swift */,
				4D790FCB27381D2500E6C4EB /* ComposeMailData.swift */,
				4D1B09A127404E2700D03CC8 /* ImageUploadResponse.swift */,
				4D1B09A327404F4F00D03CC8 /* SetAvatarRequest.swift */,
				4D1B09C72741C51900D03CC8 /* License.swift */,
				4DDA515227433F9500B56FDB /* InformationCard.swift */,
			);
			path = Model;
			sourceTree = "<group>";
		};
		4D790F9627361AAC00E6C4EB /* Proto */ = {
			isa = PBXGroup;
			children = (
				4D790F9727361AB800E6C4EB /* powerschool.pb.swift */,
				4D790F9827361AB800E6C4EB /* ProtoTypealiases.swift */,
			);
			path = Proto;
			sourceTree = "<group>";
		};
		4D790FAB27370BB800E6C4EB /* Attendance */ = {
			isa = PBXGroup;
			children = (
				4D790FAC27370BCD00E6C4EB /* AttendanceView.swift */,
				4D790FAE2737106200E6C4EB /* AttendanceItem.swift */,
				4D790FB02737116600E6C4EB /* AttendanceDetailView.swift */,
			);
			path = Attendance;
			sourceTree = "<group>";
		};
		4D790FB22737173100E6C4EB /* Profile */ = {
			isa = PBXGroup;
			children = (
				4D6EC760273B4EA4002CAD13 /* Header */,
				4D790FD127382B6600E6C4EB /* About */,
				4D790FB5273721D700E6C4EB /* Settings */,
				4D790FB3273719C300E6C4EB /* ProfileView.swift */,
				4D790FCF27382B0200E6C4EB /* SupportSection.swift */,
			);
			path = Profile;
			sourceTree = "<group>";
		};
		4D790FB5273721D700E6C4EB /* Settings */ = {
			isa = PBXGroup;
			children = (
				4D790FB6273721E900E6C4EB /* SettingsView.swift */,
				4D790FC727381BAA00E6C4EB /* SettingItem.swift */,
			);
			path = Settings;
			sourceTree = "<group>";
		};
		4D790FBC2737582D00E6C4EB /* Stores */ = {
			isa = PBXGroup;
			children = (
				4D790FB82737431900E6C4EB /* SettingsStore.swift */,
				4D790FBA27374BC200E6C4EB /* StudentDataStore.swift */,
				4D790FD927383A8700E6C4EB /* AuthenticationStore.swift */,
				4DDA51542743486200B56FDB /* InfoCardStore.swift */,
			);
			path = Stores;
			sourceTree = "<group>";
		};
		4D790FD127382B6600E6C4EB /* About */ = {
			isa = PBXGroup;
			children = (
				4D1B09C42741C4CC00D03CC8 /* Licenses */,
				4D790FD227382B9800E6C4EB /* AboutView.swift */,
			);
			path = About;
			sourceTree = "<group>";
		};
		4D790FD42738301300E6C4EB /* Login */ = {
			isa = PBXGroup;
			children = (
				4D790FD52738315D00E6C4EB /* LoginViewModel.swift */,
				4D790FD72738386800E6C4EB /* LoginView.swift */,
			);
			path = Login;
			sourceTree = "<group>";
		};
		4D8E64CD274B248600F602C4 /* Schedule */ = {
			isa = PBXGroup;
			children = (
				4D8E64CE274B249400F602C4 /* ScheduleView.swift */,
				4D8E64CB274B1A6600F602C4 /* CalendarDisplayView.swift */,
			);
			path = Schedule;
			sourceTree = "<group>";
		};
		4D991B292DB341430036A979 /* Frameworks */ = {
			isa = PBXGroup;
			children = (
			);
			name = Frameworks;
			sourceTree = "<group>";
		};
		4DB364EA2753133000C455D7 /* animations */ = {
			isa = PBXGroup;
			children = (
				4DB364EC2753134D00C455D7 /* cheer.json */,
				4DB364EB2753134D00C455D7 /* gift_box.json */,
			);
			path = animations;
			sourceTree = "<group>";
		};
		4DB6DF0C2733788400FA7B40 /* Utils */ = {
			isa = PBXGroup;
			children = (
				4D4395CF2753FF8500EEFB63 /* Constants */,
				4D50B93727506E16005EC5A9 /* Extensions */,
				4DB6DF042733700000FA7B40 /* Utils.swift */,
				4DB6DF0D2733789B00FA7B40 /* Colors.swift */,
				4D790FBD27376C9100E6C4EB /* AppDelegate.swift */,
				4D790FC12737828700E6C4EB /* PushNotification.swift */,
				4D790FC527380C1800E6C4EB /* StudentDataUtils.swift */,
				4D6EC75A273B4AD2002CAD13 /* ImageLoader.swift */,
				62CE98962761629C005D69A7 /* HideTitleBarOnCatalyst.swift */,
			);
			path = Utils;
			sourceTree = "<group>";
		};
		621D38D927307D4000825D5C = {
			isa = PBXGroup;
			children = (
				4DF62FB52754211400E81B0C /* GatherScreenshots.xctestplan */,
				4DB364E32753098600C455D7 /* buildProto.sh */,
				4D1B09BF2741C26D00D03CC8 /* generate-licenses.py */,
				621D38E427307D4000825D5C /* SchoolPower */,
				621D38F627307D4A00825D5C /* SchoolPowerTests */,
				621D390127307D4A00825D5C /* SchoolPowerUITests */,
				621D38E327307D4000825D5C /* Products */,
				4D991B292DB341430036A979 /* Frameworks */,
			);
			sourceTree = "<group>";
		};
		621D38E327307D4000825D5C /* Products */ = {
			isa = PBXGroup;
			children = (
				621D38E227307D4000825D5C /* SchoolPower.app */,
				621D38F327307D4A00825D5C /* SchoolPowerTests.xctest */,
				621D38FE27307D4A00825D5C /* SchoolPowerUITests.xctest */,
			);
			name = Products;
			sourceTree = "<group>";
		};
		621D38E427307D4000825D5C /* SchoolPower */ = {
			isa = PBXGroup;
			children = (
				4D790FAA2736CBDB00E6C4EB /* SchoolPower.entitlements */,
				621D38E527307D4000825D5C /* SchoolPowerApp.swift */,
				623F07902730DEC2007A79F2 /* View */,
				623F07A727323ECF007A79F2 /* Component */,
				4D790FBC2737582D00E6C4EB /* Stores */,
				4D790F7D27360AAD00E6C4EB /* Model */,
				4D790F9627361AAC00E6C4EB /* Proto */,
				4DB6DF0C2733788400FA7B40 /* Utils */,
				4D1B09AD274082F900D03CC8 /* Resources */,
				621D38EB27307D4A00825D5C /* Preview Content */,
			);
			path = SchoolPower;
			sourceTree = "<group>";
		};
		621D38EB27307D4A00825D5C /* Preview Content */ = {
			isa = PBXGroup;
			children = (
				621D38EC27307D4A00825D5C /* Preview Assets.xcassets */,
			);
			path = "Preview Content";
			sourceTree = "<group>";
		};
		621D38F627307D4A00825D5C /* SchoolPowerTests */ = {
			isa = PBXGroup;
			children = (
				621D38F727307D4A00825D5C /* SchoolPowerTests.swift */,
				621D38F927307D4A00825D5C /* Info.plist */,
			);
			path = SchoolPowerTests;
			sourceTree = "<group>";
		};
		621D390127307D4A00825D5C /* SchoolPowerUITests */ = {
			isa = PBXGroup;
			children = (
				621D390227307D4A00825D5C /* SchoolPowerUITests.swift */,
				621D390427307D4A00825D5C /* Info.plist */,
			);
			path = SchoolPowerUITests;
			sourceTree = "<group>";
		};
		623F07852730B303007A79F2 /* Dashboard */ = {
			isa = PBXGroup;
			children = (
				623F078C2730BC9D007A79F2 /* CourseDetail */,
				623F07882730B343007A79F2 /* DashboardView.swift */,
				623F078A2730B353007A79F2 /* DashboardViewModel.swift */,
				4DB6DF0A2733707D00FA7B40 /* DashboardCourseItem.swift */,
				4DDA515027433D1600B56FDB /* CoursesListView.swift */,
			);
			path = Dashboard;
			sourceTree = "<group>";
		};
		623F078C2730BC9D007A79F2 /* CourseDetail */ = {
			isa = PBXGroup;
			children = (
				623F07AA27324002007A79F2 /* TermDetailView */,
				623F07A227323B1B007A79F2 /* AssignmentDetail */,
				623F078D2730BCAD007A79F2 /* CourseDetailView.swift */,
				4DB6DF0F2733813E00FA7B40 /* AssignmentItem.swift */,
				4DB6DF112733816E00FA7B40 /* TermItem.swift */,
			);
			path = CourseDetail;
			sourceTree = "<group>";
		};
		623F07902730DEC2007A79F2 /* View */ = {
			isa = PBXGroup;
			children = (
				62CE9894276161DC005D69A7 /* ContentView.swift */,
				621D38E727307D4000825D5C /* SchoolPowerAppView.swift */,
				4D13B981274F191600E05FCA /* Statistics */,
				4D8E64CD274B248600F602C4 /* Schedule */,
				4D790FD42738301300E6C4EB /* Login */,
				4D790FB22737173100E6C4EB /* Profile */,
				623F07852730B303007A79F2 /* Dashboard */,
				4D790FAB27370BB800E6C4EB /* Attendance */,
			);
			path = View;
			sourceTree = "<group>";
		};
		623F07A227323B1B007A79F2 /* AssignmentDetail */ = {
			isa = PBXGroup;
			children = (
				623F07A527323B54007A79F2 /* AssignmentDetailView.swift */,
			);
			path = AssignmentDetail;
			sourceTree = "<group>";
		};
		623F07A727323ECF007A79F2 /* Component */ = {
			isa = PBXGroup;
			children = (
				4D051722275088BB00D6891B /* Charts */,
				62A45EBE2742F4AE00BBE8D9 /* Placeholder */,
				62A45EBD2742F45600BBE8D9 /* Extension */,
				4D6EC756273B3A63002CAD13 /* AvatarView.swift */,
				623F07A827323EE0007A79F2 /* InfoItem.swift */,
				62A45EBF2742F54200BBE8D9 /* InfoCard.swift */,
				4D790FC927381CF500E6C4EB /* MailView.swift */,
				4D790FDE273850E900E6C4EB /* TextField.swift */,
				4D1B099B274021DB00D03CC8 /* ImagePicker.swift */,
				4D1B099D2740268400D03CC8 /* ImageCropper.swift */,
				4D1B099F274037F900D03CC8 /* AlertIfError.swift */,
				4D790FCD27381ED000E6C4EB /* BugReportEmailView.swift */,
				4D1B09BD27419E4800D03CC8 /* SendBugReportEmail.swift */,
				4DDA514E2743354D00B56FDB /* RefreshHelper.swift */,
				4D8D7D312749E958001A1562 /* AsyncImageView.swift */,
				4D13B987274F33F800E05FCA /* WaveView.swift */,
				4DB364E82753124A00C455D7 /* LottieView.swift */,
				4DB364EF27534B8700C455D7 /* BirthdayView.swift */,
			);
			path = Component;
			sourceTree = "<group>";
		};
		623F07AA27324002007A79F2 /* TermDetailView */ = {
			isa = PBXGroup;
			children = (
				623F07AB27324014007A79F2 /* TermDetailView.swift */,
			);
			path = TermDetailView;
			sourceTree = "<group>";
		};
		623F07AD27324902007A79F2 /* fonts */ = {
			isa = PBXGroup;
			children = (
				623F07B0273249BA007A79F2 /* Poppins-SemiBold.ttf */,
				623F07AE273249A7007A79F2 /* Poppins-Regular.ttf */,
			);
			path = fonts;
			sourceTree = "<group>";
		};
		62A45EBD2742F45600BBE8D9 /* Extension */ = {
			isa = PBXGroup;
			children = (
				4DB6DF082733705800FA7B40 /* View+cornerRadius.swift */,
				4D1B0993273F78E500D03CC8 /* View+userInteractionDisabled.swift */,
			);
			path = Extension;
			sourceTree = "<group>";
		};
		62A45EBE2742F4AE00BBE8D9 /* Placeholder */ = {
			isa = PBXGroup;
			children = (
				4D1B0987273F4C8C00D03CC8 /* PlaceholderInfoView.swift */,
				4D1B0989273F522D00D03CC8 /* DisabledInfoView.swift */,
				4D1B098B273F527A00D03CC8 /* NoGradesView.swift */,
				4D1B098D273F54F600D03CC8 /* NoAttendanceView.swift */,
			);
			path = Placeholder;
			sourceTree = "<group>";
		};
/* End PBXGroup section */

/* Begin PBXNativeTarget section */
		621D38E127307D4000825D5C /* SchoolPower */ = {
			isa = PBXNativeTarget;
			buildConfigurationList = 621D390727307D4A00825D5C /* Build configuration list for PBXNativeTarget "SchoolPower" */;
			buildPhases = (
				621D38DE27307D4000825D5C /* Sources */,
				621D38DF27307D4000825D5C /* Frameworks */,
				621D38E027307D4000825D5C /* Resources */,
				4D1B09C12741C2C800D03CC8 /* ShellScript */,
			);
			buildRules = (
			);
			dependencies = (
			);
			name = SchoolPower;
			packageProductDependencies = (
				4D790F742735EDC400E6C4EB /* SwiftProtobuf */,
				4D790FA02736327400E6C4EB /* Alamofire */,
				4D790FDC27383EC600E6C4EB /* KeychainAccess */,
				4D1B0999274021A700D03CC8 /* CropViewController */,
				4D8E64C8274B1A4400F602C4 /* KVKCalendar */,
				4DB364E62753119D00C455D7 /* Lottie */,
				4D991B2A2DB341430036A979 /* DGCharts */,
				4D1F6D1E2DB34EB3000927B2 /* SwiftUIIntrospect */,
			);
			productName = SchoolPower;
			productReference = 621D38E227307D4000825D5C /* SchoolPower.app */;
			productType = "com.apple.product-type.application";
		};
		621D38F227307D4A00825D5C /* SchoolPowerTests */ = {
			isa = PBXNativeTarget;
			buildConfigurationList = 621D390A27307D4A00825D5C /* Build configuration list for PBXNativeTarget "SchoolPowerTests" */;
			buildPhases = (
				621D38EF27307D4A00825D5C /* Sources */,
				621D38F027307D4A00825D5C /* Frameworks */,
				621D38F127307D4A00825D5C /* Resources */,
			);
			buildRules = (
			);
			dependencies = (
				621D38F527307D4A00825D5C /* PBXTargetDependency */,
			);
			name = SchoolPowerTests;
			productName = SchoolPowerTests;
			productReference = 621D38F327307D4A00825D5C /* SchoolPowerTests.xctest */;
			productType = "com.apple.product-type.bundle.unit-test";
		};
		621D38FD27307D4A00825D5C /* SchoolPowerUITests */ = {
			isa = PBXNativeTarget;
			buildConfigurationList = 621D390D27307D4A00825D5C /* Build configuration list for PBXNativeTarget "SchoolPowerUITests" */;
			buildPhases = (
				621D38FA27307D4A00825D5C /* Sources */,
				621D38FB27307D4A00825D5C /* Frameworks */,
				621D38FC27307D4A00825D5C /* Resources */,
			);
			buildRules = (
			);
			dependencies = (
				621D390027307D4A00825D5C /* PBXTargetDependency */,
			);
			name = SchoolPowerUITests;
			productName = SchoolPowerUITests;
			productReference = 621D38FE27307D4A00825D5C /* SchoolPowerUITests.xctest */;
			productType = "com.apple.product-type.bundle.ui-testing";
		};
/* End PBXNativeTarget section */

/* Begin PBXProject section */
		621D38DA27307D4000825D5C /* Project object */ = {
			isa = PBXProject;
			attributes = {
				BuildIndependentTargetsInParallel = YES;
				LastSwiftUpdateCheck = 1220;
				LastUpgradeCheck = 1540;
				TargetAttributes = {
					621D38E127307D4000825D5C = {
						CreatedOnToolsVersion = 12.2;
					};
					621D38F227307D4A00825D5C = {
						CreatedOnToolsVersion = 12.2;
						TestTargetID = 621D38E127307D4000825D5C;
					};
					621D38FD27307D4A00825D5C = {
						CreatedOnToolsVersion = 12.2;
						TestTargetID = 621D38E127307D4000825D5C;
					};
				};
			};
			buildConfigurationList = 621D38DD27307D4000825D5C /* Build configuration list for PBXProject "SchoolPower" */;
			compatibilityVersion = "Xcode 9.3";
			developmentRegion = en;
			hasScannedForEncodings = 0;
			knownRegions = (
				en,
				"zh-Hans",
				"zh-Hant",
				ja,
				base,
			);
			mainGroup = 621D38D927307D4000825D5C;
			packageReferences = (
				4D790F732735EDC400E6C4EB /* XCRemoteSwiftPackageReference "swift-protobuf" */,
				4D790F9F2736327400E6C4EB /* XCRemoteSwiftPackageReference "Alamofire" */,
				4D790FDB27383EC600E6C4EB /* XCRemoteSwiftPackageReference "KeychainAccess" */,
				4D1B0995273F7BDE00D03CC8 /* XCRemoteSwiftPackageReference "SwiftUI-Introspect" */,
				4D1B0998274021A700D03CC8 /* XCRemoteSwiftPackageReference "TOCropViewController" */,
				4D8E64C7274B1A4400F602C4 /* XCRemoteSwiftPackageReference "KVKCalendar" */,
				4D05171D2750885700D6891B /* XCRemoteSwiftPackageReference "Charts" */,
				4DB364E52753119D00C455D7 /* XCRemoteSwiftPackageReference "lottie-ios" */,
			);
			productRefGroup = 621D38E327307D4000825D5C /* Products */;
			projectDirPath = "";
			projectRoot = "";
			targets = (
				621D38E127307D4000825D5C /* SchoolPower */,
				621D38F227307D4A00825D5C /* SchoolPowerTests */,
				621D38FD27307D4A00825D5C /* SchoolPowerUITests */,
			);
		};
/* End PBXProject section */

/* Begin PBXResourcesBuildPhase section */
		621D38E027307D4000825D5C /* Resources */ = {
			isa = PBXResourcesBuildPhase;
			buildActionMask = 2147483647;
			files = (
				4D1B09C02741C26D00D03CC8 /* generate-licenses.py in Resources */,
				623F07AF273249A7007A79F2 /* Poppins-Regular.ttf in Resources */,
				4DB364E42753098600C455D7 /* buildProto.sh in Resources */,
				623F07B32742C75A007A79F2 /* licenses.json in Resources */,
				4D1B09B82740D3EA00D03CC8 /* Localizable.strings in Resources */,
				4DB364EE2753134D00C455D7 /* cheer.json in Resources */,
				623F07B1273249BA007A79F2 /* Poppins-SemiBold.ttf in Resources */,
				4DB364ED2753134D00C455D7 /* gift_box.json in Resources */,
				621D38ED27307D4A00825D5C /* Preview Assets.xcassets in Resources */,
				621D38EA27307D4A00825D5C /* Assets.xcassets in Resources */,
			);
			runOnlyForDeploymentPostprocessing = 0;
		};
		621D38F127307D4A00825D5C /* Resources */ = {
			isa = PBXResourcesBuildPhase;
			buildActionMask = 2147483647;
			files = (
			);
			runOnlyForDeploymentPostprocessing = 0;
		};
		621D38FC27307D4A00825D5C /* Resources */ = {
			isa = PBXResourcesBuildPhase;
			buildActionMask = 2147483647;
			files = (
			);
			runOnlyForDeploymentPostprocessing = 0;
		};
/* End PBXResourcesBuildPhase section */

/* Begin PBXShellScriptBuildPhase section */
		4D1B09C12741C2C800D03CC8 /* ShellScript */ = {
			isa = PBXShellScriptBuildPhase;
			alwaysOutOfDate = 1;
			buildActionMask = 12;
			files = (
			);
			inputFileListPaths = (
			);
			inputPaths = (
			);
			outputFileListPaths = (
			);
			outputPaths = (
			);
			runOnlyForDeploymentPostprocessing = 0;
			shellPath = /bin/sh;
			shellScript = "if [[ $CONFIGURATION == \"Debug\" && $ENABLE_PREVIEWS == \"NO\" ]]\nthen\n    python3 $SRCROOT/generate-licenses.py --build-dir $BUILD_DIR --output-file $SRCROOT/SchoolPower/Resources/licenses.json\n    \n    $SRCROOT/buildProto.sh $SRCROOT\nelse\n  echo \"Skipping generating license and proto.\"\nfi\n";
		};
/* End PBXShellScriptBuildPhase section */

/* Begin PBXSourcesBuildPhase section */
		621D38DE27307D4000825D5C /* Sources */ = {
			isa = PBXSourcesBuildPhase;
			buildActionMask = 2147483647;
			files = (
				4D790FC627380C1800E6C4EB /* StudentDataUtils.swift in Sources */,
				4D790F8D27360AAD00E6C4EB /* Attendance.swift in Sources */,
				4D790FCA27381CF500E6C4EB /* MailView.swift in Sources */,
				4D1B098C273F527A00D03CC8 /* NoGradesView.swift in Sources */,
				4D790F8727360AAD00E6C4EB /* Assignment.swift in Sources */,
				4D8E64CF274B249400F602C4 /* ScheduleView.swift in Sources */,
				4D790F8A27360AAD00E6C4EB /* Profile.swift in Sources */,
				4DB6DF0E2733789B00FA7B40 /* Colors.swift in Sources */,
				4D4395D52753FF8600EEFB63 /* GetDataAction.swift in Sources */,
				4D790FCE27381ED000E6C4EB /* BugReportEmailView.swift in Sources */,
				4D790FC827381BAA00E6C4EB /* SettingItem.swift in Sources */,
				4D790FD82738386800E6C4EB /* LoginView.swift in Sources */,
				4D50B93B27506E8D005EC5A9 /* Array+Extensions.swift in Sources */,
				4D790FCC27381D2500E6C4EB /* ComposeMailData.swift in Sources */,
				4D1B09A227404E2700D03CC8 /* ImageUploadResponse.swift in Sources */,
				4DDA515127433D1600B56FDB /* CoursesListView.swift in Sources */,
				4DB6DF122733816E00FA7B40 /* TermItem.swift in Sources */,
				623F07A627323B54007A79F2 /* AssignmentDetailView.swift in Sources */,
				623F078E2730BCAD007A79F2 /* CourseDetailView.swift in Sources */,
				4D1B09C82741C51900D03CC8 /* License.swift in Sources */,
				623F07AC27324014007A79F2 /* TermDetailView.swift in Sources */,
				4D790F9A27361AB800E6C4EB /* ProtoTypealiases.swift in Sources */,
				4D1B098A273F522D00D03CC8 /* DisabledInfoView.swift in Sources */,
				4D05171A2750852F00D6891B /* BarChartStatisticsView.swift in Sources */,
				621D38E827307D4000825D5C /* SchoolPowerAppView.swift in Sources */,
				4DB6DF052733700000FA7B40 /* Utils.swift in Sources */,
				4D051726275165F400D6891B /* RadarChartStatisticsView.swift in Sources */,
				4D50B936275069D4005EC5A9 /* GPAView.swift in Sources */,
				4D6EC762273B5D22002CAD13 /* HeaderViewState.swift in Sources */,
				4D790FE12738675600E6C4EB /* ErrorResponse.swift in Sources */,
				4D50B93F27506ED8005EC5A9 /* Date+Extensions.swift in Sources */,
				4D790FB4273719C300E6C4EB /* ProfileView.swift in Sources */,
				4DDA51552743486200B56FDB /* InfoCardStore.swift in Sources */,
				4D790FD027382B0200E6C4EB /* SupportSection.swift in Sources */,
				4D0517242751628E00D6891B /* RadarChart.swift in Sources */,
				4D790F9C2736296100E6C4EB /* TermGrade.swift in Sources */,
				4D6EC75B273B4AD2002CAD13 /* ImageLoader.swift in Sources */,
				4D13B988274F33F800E05FCA /* WaveView.swift in Sources */,
				4D1B09BE27419E4800D03CC8 /* SendBugReportEmail.swift in Sources */,
				623F07892730B343007A79F2 /* DashboardView.swift in Sources */,
				4D1B0994273F78E600D03CC8 /* View+userInteractionDisabled.swift in Sources */,
				4D1B098E273F54F600D03CC8 /* NoAttendanceView.swift in Sources */,
				4D790FD62738315D00E6C4EB /* LoginViewModel.swift in Sources */,
				4D790FD327382B9800E6C4EB /* AboutView.swift in Sources */,
				4D6EC75F273B4C9E002CAD13 /* ExtraInfo.swift in Sources */,
				4D790FC22737828700E6C4EB /* PushNotification.swift in Sources */,
				62CE9895276161DC005D69A7 /* ContentView.swift in Sources */,
				4D790FAD27370BCE00E6C4EB /* AttendanceView.swift in Sources */,
				4D50B93927506E3B005EC5A9 /* Double+Extensions.swift in Sources */,
				4DB364E92753124A00C455D7 /* LottieView.swift in Sources */,
				4D790FB7273721E900E6C4EB /* SettingsView.swift in Sources */,
				4D6EC755273B39E5002CAD13 /* HeaderView.swift in Sources */,
				4D1B0986273F4C2300D03CC8 /* DisabledInfo.swift in Sources */,
				4DDA514F2743354D00B56FDB /* RefreshHelper.swift in Sources */,
				4D1B0988273F4C8C00D03CC8 /* PlaceholderInfoView.swift in Sources */,
				4D790FBE27376C9100E6C4EB /* AppDelegate.swift in Sources */,
				4DB6DF0B2733707D00FA7B40 /* DashboardCourseItem.swift in Sources */,
				4D790FB92737431900E6C4EB /* SettingsStore.swift in Sources */,
				4DDA515327433F9500B56FDB /* InformationCard.swift in Sources */,
				4D8E64CC274B1A6700F602C4 /* CalendarDisplayView.swift in Sources */,
				4D790F8827360AAD00E6C4EB /* Grade.swift in Sources */,
				620F3810276ABCA8001D952B /* UIApplication+Extensions.swift in Sources */,
				4DB6DF092733705800FA7B40 /* View+cornerRadius.swift in Sources */,
				4D790FB12737116600E6C4EB /* AttendanceDetailView.swift in Sources */,
				4DB364F2275356D200C455D7 /* Int+Extensions.swift in Sources */,
				4D1B09A427404F4F00D03CC8 /* SetAvatarRequest.swift in Sources */,
				4D1B09C62741C4F500D03CC8 /* LicensesView.swift in Sources */,
				4D790F8B27360AAD00E6C4EB /* Course.swift in Sources */,
				4D790FDF273850E900E6C4EB /* TextField.swift in Sources */,
				4D8D7D322749E958001A1562 /* AsyncImageView.swift in Sources */,
				4D1B099C274021DB00D03CC8 /* ImagePicker.swift in Sources */,
				4D6EC757273B3A63002CAD13 /* AvatarView.swift in Sources */,
				4DB6DF102733813E00FA7B40 /* AssignmentItem.swift in Sources */,
				4D790FA3273632C600E6C4EB /* RequestData.swift in Sources */,
				4D1B099E2740268400D03CC8 /* ImageCropper.swift in Sources */,
				62CE98972761629C005D69A7 /* HideTitleBarOnCatalyst.swift in Sources */,
				4D1B09A0274037F900D03CC8 /* AlertIfError.swift in Sources */,
				4D50B93D27506EBC005EC5A9 /* Int64+Extensions.swift in Sources */,
				4D790F9927361AB800E6C4EB /* powerschool.pb.swift in Sources */,
				4D4395D32753FF8600EEFB63 /* Constants.swift in Sources */,
				4D4682112751DA28002DE272 /* LabelStyle+Extensions.swift in Sources */,
				4D790FDA27383A8700E6C4EB /* AuthenticationStore.swift in Sources */,
				4D051721275088AF00D6891B /* BarChart.swift in Sources */,
				623F07A927323EE0007A79F2 /* InfoItem.swift in Sources */,
				4D50B94127506EF4005EC5A9 /* String+Extensions.swift in Sources */,
				4D790FA927363EF700E6C4EB /* Term.swift in Sources */,
				4D1B0990273F5D9100D03CC8 /* AvatarButton.swift in Sources */,
				4D790FAF2737106200E6C4EB /* AttendanceItem.swift in Sources */,
				4D4395D42753FF8600EEFB63 /* Language.swift in Sources */,
				621D38E627307D4000825D5C /* SchoolPowerApp.swift in Sources */,
				623F078B2730B353007A79F2 /* DashboardViewModel.swift in Sources */,
				4DB364F027534B8700C455D7 /* BirthdayView.swift in Sources */,
				4D4682132751F4C4002DE272 /* JSONDecodingOptions+Extension.swift in Sources */,
				4D790FBB27374BC200E6C4EB /* StudentDataStore.swift in Sources */,
				4D13B983274F19C800E05FCA /* StatisticsView.swift in Sources */,
				4D6EC75D273B4C3F002CAD13 /* StudentData.swift in Sources */,
				62A45EC02742F54200BBE8D9 /* InfoCard.swift in Sources */,
			);
			runOnlyForDeploymentPostprocessing = 0;
		};
		621D38EF27307D4A00825D5C /* Sources */ = {
			isa = PBXSourcesBuildPhase;
			buildActionMask = 2147483647;
			files = (
				621D38F827307D4A00825D5C /* SchoolPowerTests.swift in Sources */,
			);
			runOnlyForDeploymentPostprocessing = 0;
		};
		621D38FA27307D4A00825D5C /* Sources */ = {
			isa = PBXSourcesBuildPhase;
			buildActionMask = 2147483647;
			files = (
				621D390327307D4A00825D5C /* SchoolPowerUITests.swift in Sources */,
			);
			runOnlyForDeploymentPostprocessing = 0;
		};
/* End PBXSourcesBuildPhase section */

/* Begin PBXTargetDependency section */
		621D38F527307D4A00825D5C /* PBXTargetDependency */ = {
			isa = PBXTargetDependency;
			target = 621D38E127307D4000825D5C /* SchoolPower */;
			targetProxy = 621D38F427307D4A00825D5C /* PBXContainerItemProxy */;
		};
		621D390027307D4A00825D5C /* PBXTargetDependency */ = {
			isa = PBXTargetDependency;
			target = 621D38E127307D4000825D5C /* SchoolPower */;
			targetProxy = 621D38FF27307D4A00825D5C /* PBXContainerItemProxy */;
		};
/* End PBXTargetDependency section */

/* Begin PBXVariantGroup section */
		4D1B09B02740839000D03CC8 /* Localizable.strings */ = {
			isa = PBXVariantGroup;
			children = (
				4D1B09B12740839300D03CC8 /* zh-Hans */,
				4D1B09B2274083A500D03CC8 /* zh-Hant */,
				4D1B09B3274083AD00D03CC8 /* ja */,
				4D1B09B42740BC5500D03CC8 /* en */,
			);
			name = Localizable.strings;
			sourceTree = "<group>";
		};
/* End PBXVariantGroup section */

/* Begin XCBuildConfiguration section */
		621D390527307D4A00825D5C /* Debug */ = {
			isa = XCBuildConfiguration;
			buildSettings = {
				ALWAYS_SEARCH_USER_PATHS = NO;
				CLANG_ANALYZER_LOCALIZABILITY_NONLOCALIZED = YES;
				CLANG_ANALYZER_NONNULL = YES;
				CLANG_ANALYZER_NUMBER_OBJECT_CONVERSION = YES_AGGRESSIVE;
				CLANG_CXX_LANGUAGE_STANDARD = "gnu++14";
				CLANG_CXX_LIBRARY = "libc++";
				CLANG_ENABLE_MODULES = YES;
				CLANG_ENABLE_OBJC_ARC = YES;
				CLANG_ENABLE_OBJC_WEAK = YES;
				CLANG_WARN_BLOCK_CAPTURE_AUTORELEASING = YES;
				CLANG_WARN_BOOL_CONVERSION = YES;
				CLANG_WARN_COMMA = YES;
				CLANG_WARN_CONSTANT_CONVERSION = YES;
				CLANG_WARN_DEPRECATED_OBJC_IMPLEMENTATIONS = YES;
				CLANG_WARN_DIRECT_OBJC_ISA_USAGE = YES_ERROR;
				CLANG_WARN_DOCUMENTATION_COMMENTS = YES;
				CLANG_WARN_EMPTY_BODY = YES;
				CLANG_WARN_ENUM_CONVERSION = YES;
				CLANG_WARN_INFINITE_RECURSION = YES;
				CLANG_WARN_INT_CONVERSION = YES;
				CLANG_WARN_NON_LITERAL_NULL_CONVERSION = YES;
				CLANG_WARN_OBJC_IMPLICIT_RETAIN_SELF = YES;
				CLANG_WARN_OBJC_LITERAL_CONVERSION = YES;
				CLANG_WARN_OBJC_ROOT_CLASS = YES_ERROR;
				CLANG_WARN_QUOTED_INCLUDE_IN_FRAMEWORK_HEADER = YES;
				CLANG_WARN_RANGE_LOOP_ANALYSIS = YES;
				CLANG_WARN_STRICT_PROTOTYPES = YES;
				CLANG_WARN_SUSPICIOUS_MOVE = YES;
				CLANG_WARN_UNGUARDED_AVAILABILITY = YES_AGGRESSIVE;
				CLANG_WARN_UNREACHABLE_CODE = YES;
				CLANG_WARN__DUPLICATE_METHOD_MATCH = YES;
				COPY_PHASE_STRIP = NO;
				DEBUG_INFORMATION_FORMAT = dwarf;
				ENABLE_STRICT_OBJC_MSGSEND = YES;
				ENABLE_TESTABILITY = YES;
				ENABLE_USER_SCRIPT_SANDBOXING = NO;
				GCC_C_LANGUAGE_STANDARD = gnu11;
				GCC_DYNAMIC_NO_PIC = NO;
				GCC_NO_COMMON_BLOCKS = YES;
				GCC_OPTIMIZATION_LEVEL = 0;
				GCC_PREPROCESSOR_DEFINITIONS = (
					"DEBUG=1",
					"$(inherited)",
				);
				GCC_WARN_64_TO_32_BIT_CONVERSION = YES;
				GCC_WARN_ABOUT_RETURN_TYPE = YES_ERROR;
				GCC_WARN_UNDECLARED_SELECTOR = YES;
				GCC_WARN_UNINITIALIZED_AUTOS = YES_AGGRESSIVE;
				GCC_WARN_UNUSED_FUNCTION = YES;
				GCC_WARN_UNUSED_VARIABLE = YES;
				IPHONEOS_DEPLOYMENT_TARGET = 14.0;
				MTL_ENABLE_DEBUG_INFO = INCLUDE_SOURCE;
				MTL_FAST_MATH = YES;
				ONLY_ACTIVE_ARCH = YES;
				SDKROOT = iphoneos;
				SWIFT_ACTIVE_COMPILATION_CONDITIONS = DEBUG;
				SWIFT_OPTIMIZATION_LEVEL = "-Onone";
			};
			name = Debug;
		};
		621D390627307D4A00825D5C /* Release */ = {
			isa = XCBuildConfiguration;
			buildSettings = {
				ALWAYS_SEARCH_USER_PATHS = NO;
				CLANG_ANALYZER_LOCALIZABILITY_NONLOCALIZED = YES;
				CLANG_ANALYZER_NONNULL = YES;
				CLANG_ANALYZER_NUMBER_OBJECT_CONVERSION = YES_AGGRESSIVE;
				CLANG_CXX_LANGUAGE_STANDARD = "gnu++14";
				CLANG_CXX_LIBRARY = "libc++";
				CLANG_ENABLE_MODULES = YES;
				CLANG_ENABLE_OBJC_ARC = YES;
				CLANG_ENABLE_OBJC_WEAK = YES;
				CLANG_WARN_BLOCK_CAPTURE_AUTORELEASING = YES;
				CLANG_WARN_BOOL_CONVERSION = YES;
				CLANG_WARN_COMMA = YES;
				CLANG_WARN_CONSTANT_CONVERSION = YES;
				CLANG_WARN_DEPRECATED_OBJC_IMPLEMENTATIONS = YES;
				CLANG_WARN_DIRECT_OBJC_ISA_USAGE = YES_ERROR;
				CLANG_WARN_DOCUMENTATION_COMMENTS = YES;
				CLANG_WARN_EMPTY_BODY = YES;
				CLANG_WARN_ENUM_CONVERSION = YES;
				CLANG_WARN_INFINITE_RECURSION = YES;
				CLANG_WARN_INT_CONVERSION = YES;
				CLANG_WARN_NON_LITERAL_NULL_CONVERSION = YES;
				CLANG_WARN_OBJC_IMPLICIT_RETAIN_SELF = YES;
				CLANG_WARN_OBJC_LITERAL_CONVERSION = YES;
				CLANG_WARN_OBJC_ROOT_CLASS = YES_ERROR;
				CLANG_WARN_QUOTED_INCLUDE_IN_FRAMEWORK_HEADER = YES;
				CLANG_WARN_RANGE_LOOP_ANALYSIS = YES;
				CLANG_WARN_STRICT_PROTOTYPES = YES;
				CLANG_WARN_SUSPICIOUS_MOVE = YES;
				CLANG_WARN_UNGUARDED_AVAILABILITY = YES_AGGRESSIVE;
				CLANG_WARN_UNREACHABLE_CODE = YES;
				CLANG_WARN__DUPLICATE_METHOD_MATCH = YES;
				COPY_PHASE_STRIP = NO;
				DEBUG_INFORMATION_FORMAT = "dwarf-with-dsym";
				ENABLE_NS_ASSERTIONS = NO;
				ENABLE_STRICT_OBJC_MSGSEND = YES;
				ENABLE_USER_SCRIPT_SANDBOXING = NO;
				GCC_C_LANGUAGE_STANDARD = gnu11;
				GCC_NO_COMMON_BLOCKS = YES;
				GCC_WARN_64_TO_32_BIT_CONVERSION = YES;
				GCC_WARN_ABOUT_RETURN_TYPE = YES_ERROR;
				GCC_WARN_UNDECLARED_SELECTOR = YES;
				GCC_WARN_UNINITIALIZED_AUTOS = YES_AGGRESSIVE;
				GCC_WARN_UNUSED_FUNCTION = YES;
				GCC_WARN_UNUSED_VARIABLE = YES;
				IPHONEOS_DEPLOYMENT_TARGET = 14.0;
				MTL_ENABLE_DEBUG_INFO = NO;
				MTL_FAST_MATH = YES;
				SDKROOT = iphoneos;
				SWIFT_COMPILATION_MODE = wholemodule;
				SWIFT_OPTIMIZATION_LEVEL = "-O";
				VALIDATE_PRODUCT = YES;
			};
			name = Release;
		};
		621D390827307D4A00825D5C /* Debug */ = {
			isa = XCBuildConfiguration;
			buildSettings = {
				ASSETCATALOG_COMPILER_APPICON_NAME = AppIcon;
				ASSETCATALOG_COMPILER_GLOBAL_ACCENT_COLOR_NAME = AccentColor;
				CODE_SIGN_ENTITLEMENTS = SchoolPower/SchoolPower.entitlements;
				CODE_SIGN_STYLE = Automatic;
				CURRENT_PROJECT_VERSION = 38;
				DEVELOPMENT_ASSET_PATHS = "\"SchoolPower/Preview Content\"";
				DEVELOPMENT_TEAM = MPPUFL3L6R;
				ENABLE_PREVIEWS = YES;
				INFOPLIST_FILE = SchoolPower/Resources/Info.plist;
				IPHONEOS_DEPLOYMENT_TARGET = 14.0;
				LD_RUNPATH_SEARCH_PATHS = (
					"$(inherited)",
					"@executable_path/Frameworks",
				);
				MARKETING_VERSION = 2.0.1;
				PRODUCT_BUNDLE_IDENTIFIER = studio.schoolpower.SchoolPower;
				PRODUCT_NAME = "$(TARGET_NAME)";
				SUPPORTED_PLATFORMS = "iphoneos iphonesimulator";
				SUPPORTS_MACCATALYST = YES;
				SUPPORTS_MAC_DESIGNED_FOR_IPHONE_IPAD = NO;
				SWIFT_VERSION = 5.0;
				TARGETED_DEVICE_FAMILY = "1,2";
			};
			name = Debug;
		};
		621D390927307D4A00825D5C /* Release */ = {
			isa = XCBuildConfiguration;
			buildSettings = {
				ASSETCATALOG_COMPILER_APPICON_NAME = AppIcon;
				ASSETCATALOG_COMPILER_GLOBAL_ACCENT_COLOR_NAME = AccentColor;
				CODE_SIGN_ENTITLEMENTS = SchoolPower/SchoolPower.entitlements;
				CODE_SIGN_STYLE = Automatic;
				CURRENT_PROJECT_VERSION = 38;
				DEVELOPMENT_ASSET_PATHS = "\"SchoolPower/Preview Content\"";
				DEVELOPMENT_TEAM = MPPUFL3L6R;
				ENABLE_PREVIEWS = YES;
				INFOPLIST_FILE = SchoolPower/Resources/Info.plist;
				IPHONEOS_DEPLOYMENT_TARGET = 14.0;
				LD_RUNPATH_SEARCH_PATHS = (
					"$(inherited)",
					"@executable_path/Frameworks",
				);
				MARKETING_VERSION = 2.0.1;
				PRODUCT_BUNDLE_IDENTIFIER = studio.schoolpower.SchoolPower;
				PRODUCT_NAME = "$(TARGET_NAME)";
				SUPPORTED_PLATFORMS = "iphoneos iphonesimulator";
				SUPPORTS_MACCATALYST = YES;
				SUPPORTS_MAC_DESIGNED_FOR_IPHONE_IPAD = NO;
				SWIFT_VERSION = 5.0;
				TARGETED_DEVICE_FAMILY = "1,2";
			};
			name = Release;
		};
		621D390B27307D4A00825D5C /* Debug */ = {
			isa = XCBuildConfiguration;
			buildSettings = {
				ALWAYS_EMBED_SWIFT_STANDARD_LIBRARIES = YES;
				BUNDLE_LOADER = "$(TEST_HOST)";
				CODE_SIGN_STYLE = Automatic;
				DEVELOPMENT_TEAM = MPPUFL3L6R;
				INFOPLIST_FILE = SchoolPowerTests/Info.plist;
				IPHONEOS_DEPLOYMENT_TARGET = 14.0;
				LD_RUNPATH_SEARCH_PATHS = (
					"$(inherited)",
					"@executable_path/Frameworks",
					"@loader_path/Frameworks",
				);
				PRODUCT_BUNDLE_IDENTIFIER = studio.schoolpower.SchoolPowerTests;
				PRODUCT_NAME = "$(TARGET_NAME)";
				SWIFT_VERSION = 5.0;
				TARGETED_DEVICE_FAMILY = "1,2";
				TEST_HOST = "$(BUILT_PRODUCTS_DIR)/SchoolPower.app/SchoolPower";
			};
			name = Debug;
		};
		621D390C27307D4A00825D5C /* Release */ = {
			isa = XCBuildConfiguration;
			buildSettings = {
				ALWAYS_EMBED_SWIFT_STANDARD_LIBRARIES = YES;
				BUNDLE_LOADER = "$(TEST_HOST)";
				CODE_SIGN_STYLE = Automatic;
				DEVELOPMENT_TEAM = MPPUFL3L6R;
				INFOPLIST_FILE = SchoolPowerTests/Info.plist;
				IPHONEOS_DEPLOYMENT_TARGET = 14.0;
				LD_RUNPATH_SEARCH_PATHS = (
					"$(inherited)",
					"@executable_path/Frameworks",
					"@loader_path/Frameworks",
				);
				PRODUCT_BUNDLE_IDENTIFIER = studio.schoolpower.SchoolPowerTests;
				PRODUCT_NAME = "$(TARGET_NAME)";
				SWIFT_VERSION = 5.0;
				TARGETED_DEVICE_FAMILY = "1,2";
				TEST_HOST = "$(BUILT_PRODUCTS_DIR)/SchoolPower.app/SchoolPower";
			};
			name = Release;
		};
		621D390E27307D4A00825D5C /* Debug */ = {
			isa = XCBuildConfiguration;
			buildSettings = {
				ALWAYS_EMBED_SWIFT_STANDARD_LIBRARIES = YES;
				CODE_SIGN_STYLE = Automatic;
				DEVELOPMENT_TEAM = MPPUFL3L6R;
				INFOPLIST_FILE = SchoolPowerUITests/Info.plist;
				LD_RUNPATH_SEARCH_PATHS = (
					"$(inherited)",
					"@executable_path/Frameworks",
					"@loader_path/Frameworks",
				);
				PRODUCT_BUNDLE_IDENTIFIER = studio.schoolpower.SchoolPowerUITests;
				PRODUCT_NAME = "$(TARGET_NAME)";
				SWIFT_VERSION = 5.0;
				TARGETED_DEVICE_FAMILY = "1,2";
				TEST_TARGET_NAME = SchoolPower;
			};
			name = Debug;
		};
		621D390F27307D4A00825D5C /* Release */ = {
			isa = XCBuildConfiguration;
			buildSettings = {
				ALWAYS_EMBED_SWIFT_STANDARD_LIBRARIES = YES;
				CODE_SIGN_STYLE = Automatic;
				DEVELOPMENT_TEAM = MPPUFL3L6R;
				INFOPLIST_FILE = SchoolPowerUITests/Info.plist;
				LD_RUNPATH_SEARCH_PATHS = (
					"$(inherited)",
					"@executable_path/Frameworks",
					"@loader_path/Frameworks",
				);
				PRODUCT_BUNDLE_IDENTIFIER = studio.schoolpower.SchoolPowerUITests;
				PRODUCT_NAME = "$(TARGET_NAME)";
				SWIFT_VERSION = 5.0;
				TARGETED_DEVICE_FAMILY = "1,2";
				TEST_TARGET_NAME = SchoolPower;
			};
			name = Release;
		};
/* End XCBuildConfiguration section */

/* Begin XCConfigurationList section */
		621D38DD27307D4000825D5C /* Build configuration list for PBXProject "SchoolPower" */ = {
			isa = XCConfigurationList;
			buildConfigurations = (
				621D390527307D4A00825D5C /* Debug */,
				621D390627307D4A00825D5C /* Release */,
			);
			defaultConfigurationIsVisible = 0;
			defaultConfigurationName = Release;
		};
		621D390727307D4A00825D5C /* Build configuration list for PBXNativeTarget "SchoolPower" */ = {
			isa = XCConfigurationList;
			buildConfigurations = (
				621D390827307D4A00825D5C /* Debug */,
				621D390927307D4A00825D5C /* Release */,
			);
			defaultConfigurationIsVisible = 0;
			defaultConfigurationName = Release;
		};
		621D390A27307D4A00825D5C /* Build configuration list for PBXNativeTarget "SchoolPowerTests" */ = {
			isa = XCConfigurationList;
			buildConfigurations = (
				621D390B27307D4A00825D5C /* Debug */,
				621D390C27307D4A00825D5C /* Release */,
			);
			defaultConfigurationIsVisible = 0;
			defaultConfigurationName = Release;
		};
		621D390D27307D4A00825D5C /* Build configuration list for PBXNativeTarget "SchoolPowerUITests" */ = {
			isa = XCConfigurationList;
			buildConfigurations = (
				621D390E27307D4A00825D5C /* Debug */,
				621D390F27307D4A00825D5C /* Release */,
			);
			defaultConfigurationIsVisible = 0;
			defaultConfigurationName = Release;
		};
/* End XCConfigurationList section */

/* Begin XCRemoteSwiftPackageReference section */
		4D05171D2750885700D6891B /* XCRemoteSwiftPackageReference "Charts" */ = {
			isa = XCRemoteSwiftPackageReference;
			repositoryURL = "https://github.com/danielgindi/Charts.git";
			requirement = {
				kind = upToNextMajorVersion;
				minimumVersion = 5.1.0;
			};
		};
		4D1B0995273F7BDE00D03CC8 /* XCRemoteSwiftPackageReference "SwiftUI-Introspect" */ = {
			isa = XCRemoteSwiftPackageReference;
			repositoryURL = "https://github.com/siteline/SwiftUI-Introspect.git";
			requirement = {
				kind = upToNextMajorVersion;
				minimumVersion = 1.3.0;
			};
		};
		4D1B0998274021A700D03CC8 /* XCRemoteSwiftPackageReference "TOCropViewController" */ = {
			isa = XCRemoteSwiftPackageReference;
			repositoryURL = "https://github.com/TimOliver/TOCropViewController";
			requirement = {
				kind = upToNextMajorVersion;
				minimumVersion = 2.0.0;
			};
		};
		4D790F732735EDC400E6C4EB /* XCRemoteSwiftPackageReference "swift-protobuf" */ = {
			isa = XCRemoteSwiftPackageReference;
			repositoryURL = "https://github.com/apple/swift-protobuf.git";
			requirement = {
				kind = upToNextMajorVersion;
				minimumVersion = 1.0.0;
			};
		};
		4D790F9F2736327400E6C4EB /* XCRemoteSwiftPackageReference "Alamofire" */ = {
			isa = XCRemoteSwiftPackageReference;
			repositoryURL = "https://github.com/Alamofire/Alamofire.git";
			requirement = {
				kind = upToNextMajorVersion;
				minimumVersion = 5.0.0;
			};
		};
		4D790FDB27383EC600E6C4EB /* XCRemoteSwiftPackageReference "KeychainAccess" */ = {
			isa = XCRemoteSwiftPackageReference;
			repositoryURL = "https://github.com/kishikawakatsumi/KeychainAccess.git";
			requirement = {
				kind = upToNextMajorVersion;
				minimumVersion = 4.0.0;
			};
		};
		4D8E64C7274B1A4400F602C4 /* XCRemoteSwiftPackageReference "KVKCalendar" */ = {
			isa = XCRemoteSwiftPackageReference;
			repositoryURL = "https://github.com/kvyatkovskys/KVKCalendar.git";
			requirement = {
				kind = upToNextMajorVersion;
				minimumVersion = 0.5.5;
			};
		};
		4DB364E52753119D00C455D7 /* XCRemoteSwiftPackageReference "lottie-ios" */ = {
			isa = XCRemoteSwiftPackageReference;
			repositoryURL = "https://github.com/airbnb/lottie-ios.git";
			requirement = {
				kind = upToNextMajorVersion;
				minimumVersion = 4.5.1;
			};
		};
/* End XCRemoteSwiftPackageReference section */

/* Begin XCSwiftPackageProductDependency section */
		4D1B0999274021A700D03CC8 /* CropViewController */ = {
			isa = XCSwiftPackageProductDependency;
			package = 4D1B0998274021A700D03CC8 /* XCRemoteSwiftPackageReference "TOCropViewController" */;
			productName = CropViewController;
		};
		4D1F6D1E2DB34EB3000927B2 /* SwiftUIIntrospect */ = {
			isa = XCSwiftPackageProductDependency;
			productName = SwiftUIIntrospect;
		};
		4D790F742735EDC400E6C4EB /* SwiftProtobuf */ = {
			isa = XCSwiftPackageProductDependency;
			package = 4D790F732735EDC400E6C4EB /* XCRemoteSwiftPackageReference "swift-protobuf" */;
			productName = SwiftProtobuf;
		};
		4D790FA02736327400E6C4EB /* Alamofire */ = {
			isa = XCSwiftPackageProductDependency;
			package = 4D790F9F2736327400E6C4EB /* XCRemoteSwiftPackageReference "Alamofire" */;
			productName = Alamofire;
		};
		4D790FDC27383EC600E6C4EB /* KeychainAccess */ = {
			isa = XCSwiftPackageProductDependency;
			package = 4D790FDB27383EC600E6C4EB /* XCRemoteSwiftPackageReference "KeychainAccess" */;
			productName = KeychainAccess;
		};
		4D8E64C8274B1A4400F602C4 /* KVKCalendar */ = {
			isa = XCSwiftPackageProductDependency;
			package = 4D8E64C7274B1A4400F602C4 /* XCRemoteSwiftPackageReference "KVKCalendar" */;
			productName = KVKCalendar;
		};
		4D991B2A2DB341430036A979 /* DGCharts */ = {
			isa = XCSwiftPackageProductDependency;
			package = 4D05171D2750885700D6891B /* XCRemoteSwiftPackageReference "Charts" */;
			productName = DGCharts;
		};
		4DB364E62753119D00C455D7 /* Lottie */ = {
			isa = XCSwiftPackageProductDependency;
			package = 4DB364E52753119D00C455D7 /* XCRemoteSwiftPackageReference "lottie-ios" */;
			productName = Lottie;
		};
/* End XCSwiftPackageProductDependency section */
	};
	rootObject = 621D38DA27307D4000825D5C /* Project object */;
}
